
Microsoft Visual Studio Solution File, Format Version 12.00
# Visual Studio 2012
Project("{2150E333-8FDC-42A3-9474-1A3956D46DE8}") = "- Solution Items", "- Solution Items", "{844986CA-FBD1-4486-B555-ACADD3B3F797}"
	ProjectSection(SolutionItems) = preProject
		License-MvvmFx.Windows.txt = License-MvvmFx.Windows.txt
		License-WindowsBase.txt = License-WindowsBase.txt
	EndProjectSection
EndProject
Project("{2150E333-8FDC-42A3-9474-1A3956D46DE8}") = "Data and Command Binding", "Data and Command Binding", "{63912A85-347E-4597-B0F2-FD1FB098D432}"
EndProject
Project("{FAE04EC0-301F-11D3-BF4B-00C04F79EFBC}") = "MvvmFx.Windows", "MvvmFx.Windows\MvvmFx.Windows.csproj", "{D316BAF2-3CC2-4E41-9B68-BF49AB9A0B6D}"
EndProject
Project("{FAE04EC0-301F-11D3-BF4B-00C04F79EFBC}") = "MvvmFx.Windows.45", "MvvmFx.Windows.45\MvvmFx.Windows.45.csproj", "{2728C8A9-7304-46F3-8A93-F0A53D91BF21}"
EndProject
Project("{FAE04EC0-301F-11D3-BF4B-00C04F79EFBC}") = "MvvmFx.Windows.Specifications", "MvvmFx.Windows.Specifications\MvvmFx.Windows.Specifications.csproj", "{753953CB-859D-4094-8B3B-FDC1A46A57E6}"
EndProject
Project("{FAE04EC0-301F-11D3-BF4B-00C04F79EFBC}") = "MvvmFx.Windows.WebGUI", "MvvmFx.Windows.WebGUI\MvvmFx.Windows.WebGUI.csproj", "{9F602AF8-9BC9-4E5E-BE0D-745B2A91D814}"
EndProject
Project("{FAE04EC0-301F-11D3-BF4B-00C04F79EFBC}") = "MvvmFx.Windows.WebGUI.45", "MvvmFx.Windows.WebGUI.45\MvvmFx.Windows.WebGUI.45.csproj", "{D4E9A01D-0B99-41F0-9FF5-848CD8209F51}"
EndProject
Project("{FAE04EC0-301F-11D3-BF4B-00C04F79EFBC}") = "MvvmFx.Windows.WinForms", "MvvmFx.Windows.WinForms\MvvmFx.Windows.WinForms.csproj", "{6E93B791-34AC-402D-BB64-DEAAA388D171}"
EndProject
Project("{FAE04EC0-301F-11D3-BF4B-00C04F79EFBC}") = "MvvmFx.Windows.WinForms.45", "MvvmFx.Windows.WinForms.45\MvvmFx.Windows.WinForms.45.csproj", "{033DD80D-AD51-4AA2-87F1-DCFD3131A08E}"
EndProject
Project("{FAE04EC0-301F-11D3-BF4B-00C04F79EFBC}") = "MvvmFx.Windows.WPF", "MvvmFx.Windows.WPF\MvvmFx.Windows.WPF.csproj", "{CFCBA8D1-CFC2-46A3-8774-37223B7499CB}"
EndProject
Project("{FAE04EC0-301F-11D3-BF4B-00C04F79EFBC}") = "MvvmFx.Windows.WPF.45", "MvvmFx.Windows.WPF.45\MvvmFx.Windows.WPF.45.csproj", "{6A8FF0B3-3B49-4FEE-8DE6-374F8EFE2A7E}"
EndProject
Project("{2150E333-8FDC-42A3-9474-1A3956D46DE8}") = "Simple DataBinding", "Simple DataBinding", "{D9AF4300-32DC-418E-B752-D787133885AB}"
EndProject
Project("{FAE04EC0-301F-11D3-BF4B-00C04F79EFBC}") = "MvvmFx.DataBinding.WebGUI", "MvvmFx.DataBinding.WebGUI\MvvmFx.DataBinding.WebGUI.csproj", "{9D62264B-077A-4A1F-9605-5EDE74406798}"
EndProject
Project("{FAE04EC0-301F-11D3-BF4B-00C04F79EFBC}") = "MvvmFx.DataBinding.WebGUI.45", "MvvmFx.DataBinding.WebGUI.45\MvvmFx.DataBinding.WebGUI.45.csproj", "{3282CE22-6CD9-4DDC-B219-3AED1F4728AD}"
EndProject
Project("{FAE04EC0-301F-11D3-BF4B-00C04F79EFBC}") = "MvvmFx.DataBinding.WinForms", "MvvmFx.DataBinding.WinForms\MvvmFx.DataBinding.WinForms.csproj", "{43328D6B-4ACB-46DE-8791-A32B45F9AD04}"
EndProject
Project("{FAE04EC0-301F-11D3-BF4B-00C04F79EFBC}") = "MvvmFx.DataBinding.WinForms.45", "MvvmFx.DataBinding.WinForms.45\MvvmFx.DataBinding.WinForms.45.csproj", "{ADF8E550-012C-467D-99D8-E44F3F352A9D}"
EndProject
Project("{2150E333-8FDC-42A3-9474-1A3956D46DE8}") = "WindowsBase", "WindowsBase", "{C0D5506F-8681-4AB8-99CF-C4FAF92D8D0F}"
EndProject
Project("{FAE04EC0-301F-11D3-BF4B-00C04F79EFBC}") = "WindowsBase.WebGUI", "WindowsBase.WebGUI\WindowsBase.WebGUI.csproj", "{12DDEA2B-5B10-41D2-8232-A43B7ADEC521}"
EndProject
Project("{FAE04EC0-301F-11D3-BF4B-00C04F79EFBC}") = "WindowsBase.WebGUI.45", "WindowsBase.WebGUI.45\WindowsBase.WebGUI.45.csproj", "{893F27A5-3710-4F6D-BC9A-8911B549519B}"
EndProject
Project("{FAE04EC0-301F-11D3-BF4B-00C04F79EFBC}") = "WindowsBase.WinForms", "WindowsBase.WinForms\WindowsBase.WinForms.csproj", "{501BBDBB-AC95-41DE-B87C-0AC946B08047}"
EndProject
Project("{FAE04EC0-301F-11D3-BF4B-00C04F79EFBC}") = "WindowsBase.WinForms.45", "WindowsBase.WinForms.45\WindowsBase.WinForms.45.csproj", "{33290B49-5D4B-47F3-8C03-D203595C9F12}"
EndProject
Global
	GlobalSection(SubversionScc) = preSolution
		Svn-Managed = True
		Manager = AnkhSVN - Subversion Support for Visual Studio
	EndGlobalSection
	GlobalSection(SolutionConfigurationPlatforms) = preSolution
		Debug|Any CPU = Debug|Any CPU
		Release|Any CPU = Release|Any CPU
	EndGlobalSection
	GlobalSection(ProjectConfigurationPlatforms) = postSolution
		{D316BAF2-3CC2-4E41-9B68-BF49AB9A0B6D}.Debug|Any CPU.ActiveCfg = Debug|Any CPU
		{D316BAF2-3CC2-4E41-9B68-BF49AB9A0B6D}.Debug|Any CPU.Build.0 = Debug|Any CPU
		{D316BAF2-3CC2-4E41-9B68-BF49AB9A0B6D}.Release|Any CPU.ActiveCfg = Release|Any CPU
		{D316BAF2-3CC2-4E41-9B68-BF49AB9A0B6D}.Release|Any CPU.Build.0 = Release|Any CPU
		{2728C8A9-7304-46F3-8A93-F0A53D91BF21}.Debug|Any CPU.ActiveCfg = Debug|Any CPU
		{2728C8A9-7304-46F3-8A93-F0A53D91BF21}.Debug|Any CPU.Build.0 = Debug|Any CPU
		{2728C8A9-7304-46F3-8A93-F0A53D91BF21}.Release|Any CPU.ActiveCfg = Release|Any CPU
		{2728C8A9-7304-46F3-8A93-F0A53D91BF21}.Release|Any CPU.Build.0 = Release|Any CPU
		{753953CB-859D-4094-8B3B-FDC1A46A57E6}.Debug|Any CPU.ActiveCfg = Debug|Any CPU
		{753953CB-859D-4094-8B3B-FDC1A46A57E6}.Debug|Any CPU.Build.0 = Debug|Any CPU
		{753953CB-859D-4094-8B3B-FDC1A46A57E6}.Release|Any CPU.ActiveCfg = Release|Any CPU
		{9F602AF8-9BC9-4E5E-BE0D-745B2A91D814}.Debug|Any CPU.ActiveCfg = Debug|Any CPU
		{9F602AF8-9BC9-4E5E-BE0D-745B2A91D814}.Debug|Any CPU.Build.0 = Debug|Any CPU
		{9F602AF8-9BC9-4E5E-BE0D-745B2A91D814}.Release|Any CPU.ActiveCfg = Release|Any CPU
		{9F602AF8-9BC9-4E5E-BE0D-745B2A91D814}.Release|Any CPU.Build.0 = Release|Any CPU
		{D4E9A01D-0B99-41F0-9FF5-848CD8209F51}.Debug|Any CPU.ActiveCfg = Debug|Any CPU
		{D4E9A01D-0B99-41F0-9FF5-848CD8209F51}.Debug|Any CPU.Build.0 = Debug|Any CPU
		{D4E9A01D-0B99-41F0-9FF5-848CD8209F51}.Release|Any CPU.ActiveCfg = Release|Any CPU
		{D4E9A01D-0B99-41F0-9FF5-848CD8209F51}.Release|Any CPU.Build.0 = Release|Any CPU
		{6E93B791-34AC-402D-BB64-DEAAA388D171}.Debug|Any CPU.ActiveCfg = Debug|Any CPU
		{6E93B791-34AC-402D-BB64-DEAAA388D171}.Debug|Any CPU.Build.0 = Debug|Any CPU
		{6E93B791-34AC-402D-BB64-DEAAA388D171}.Release|Any CPU.ActiveCfg = Release|Any CPU
		{6E93B791-34AC-402D-BB64-DEAAA388D171}.Release|Any CPU.Build.0 = Release|Any CPU
		{033DD80D-AD51-4AA2-87F1-DCFD3131A08E}.Debug|Any CPU.ActiveCfg = Debug|Any CPU
		{033DD80D-AD51-4AA2-87F1-DCFD3131A08E}.Debug|Any CPU.Build.0 = Debug|Any CPU
		{033DD80D-AD51-4AA2-87F1-DCFD3131A08E}.Release|Any CPU.ActiveCfg = Release|Any CPU
		{033DD80D-AD51-4AA2-87F1-DCFD3131A08E}.Release|Any CPU.Build.0 = Release|Any CPU
		{CFCBA8D1-CFC2-46A3-8774-37223B7499CB}.Debug|Any CPU.ActiveCfg = Debug|Any CPU
		{CFCBA8D1-CFC2-46A3-8774-37223B7499CB}.Debug|Any CPU.Build.0 = Debug|Any CPU
		{CFCBA8D1-CFC2-46A3-8774-37223B7499CB}.Release|Any CPU.ActiveCfg = Release|Any CPU
		{CFCBA8D1-CFC2-46A3-8774-37223B7499CB}.Release|Any CPU.Build.0 = Release|Any CPU
		{6A8FF0B3-3B49-4FEE-8DE6-374F8EFE2A7E}.Debug|Any CPU.ActiveCfg = Debug|Any CPU
		{6A8FF0B3-3B49-4FEE-8DE6-374F8EFE2A7E}.Debug|Any CPU.Build.0 = Debug|Any CPU
		{6A8FF0B3-3B49-4FEE-8DE6-374F8EFE2A7E}.Release|Any CPU.ActiveCfg = Release|Any CPU
		{6A8FF0B3-3B49-4FEE-8DE6-374F8EFE2A7E}.Release|Any CPU.Build.0 = Release|Any CPU
		{9D62264B-077A-4A1F-9605-5EDE74406798}.Debug|Any CPU.ActiveCfg = Debug|Any CPU
		{9D62264B-077A-4A1F-9605-5EDE74406798}.Debug|Any CPU.Build.0 = Debug|Any CPU
		{9D62264B-077A-4A1F-9605-5EDE74406798}.Release|Any CPU.ActiveCfg = Release|Any CPU
		{9D62264B-077A-4A1F-9605-5EDE74406798}.Release|Any CPU.Build.0 = Release|Any CPU
		{3282CE22-6CD9-4DDC-B219-3AED1F4728AD}.Debug|Any CPU.ActiveCfg = Debug|Any CPU
		{3282CE22-6CD9-4DDC-B219-3AED1F4728AD}.Debug|Any CPU.Build.0 = Debug|Any CPU
		{3282CE22-6CD9-4DDC-B219-3AED1F4728AD}.Release|Any CPU.ActiveCfg = Release|Any CPU
		{3282CE22-6CD9-4DDC-B219-3AED1F4728AD}.Release|Any CPU.Build.0 = Release|Any CPU
		{43328D6B-4ACB-46DE-8791-A32B45F9AD04}.Debug|Any CPU.ActiveCfg = Debug|Any CPU
		{43328D6B-4ACB-46DE-8791-A32B45F9AD04}.Debug|Any CPU.Build.0 = Debug|Any CPU
		{43328D6B-4ACB-46DE-8791-A32B45F9AD04}.Release|Any CPU.ActiveCfg = Release|Any CPU
		{43328D6B-4ACB-46DE-8791-A32B45F9AD04}.Release|Any CPU.Build.0 = Release|Any CPU
		{ADF8E550-012C-467D-99D8-E44F3F352A9D}.Debug|Any CPU.ActiveCfg = Debug|Any CPU
		{ADF8E550-012C-467D-99D8-E44F3F352A9D}.Debug|Any CPU.Build.0 = Debug|Any CPU
		{ADF8E550-012C-467D-99D8-E44F3F352A9D}.Release|Any CPU.ActiveCfg = Release|Any CPU
		{ADF8E550-012C-467D-99D8-E44F3F352A9D}.Release|Any CPU.Build.0 = Release|Any CPU
		{12DDEA2B-5B10-41D2-8232-A43B7ADEC521}.Debug|Any CPU.ActiveCfg = Debug|Any CPU
		{12DDEA2B-5B10-41D2-8232-A43B7ADEC521}.Debug|Any CPU.Build.0 = Debug|Any CPU
		{12DDEA2B-5B10-41D2-8232-A43B7ADEC521}.Release|Any CPU.ActiveCfg = Release|Any CPU
		{12DDEA2B-5B10-41D2-8232-A43B7ADEC521}.Release|Any CPU.Build.0 = Release|Any CPU
		{893F27A5-3710-4F6D-BC9A-8911B549519B}.Debug|Any CPU.ActiveCfg = Debug|Any CPU
		{893F27A5-3710-4F6D-BC9A-8911B549519B}.Debug|Any CPU.Build.0 = Debug|Any CPU
		{893F27A5-3710-4F6D-BC9A-8911B549519B}.Release|Any CPU.ActiveCfg = Release|Any CPU
		{893F27A5-3710-4F6D-BC9A-8911B549519B}.Release|Any CPU.Build.0 = Release|Any CPU
		{501BBDBB-AC95-41DE-B87C-0AC946B08047}.Debug|Any CPU.ActiveCfg = Debug|Any CPU
		{501BBDBB-AC95-41DE-B87C-0AC946B08047}.Debug|Any CPU.Build.0 = Debug|Any CPU
		{501BBDBB-AC95-41DE-B87C-0AC946B08047}.Release|Any CPU.ActiveCfg = Release|Any CPU
		{501BBDBB-AC95-41DE-B87C-0AC946B08047}.Release|Any CPU.Build.0 = Release|Any CPU
		{33290B49-5D4B-47F3-8C03-D203595C9F12}.Debug|Any CPU.ActiveCfg = Debug|Any CPU
		{33290B49-5D4B-47F3-8C03-D203595C9F12}.Debug|Any CPU.Build.0 = Debug|Any CPU
		{33290B49-5D4B-47F3-8C03-D203595C9F12}.Release|Any CPU.ActiveCfg = Release|Any CPU
		{33290B49-5D4B-47F3-8C03-D203595C9F12}.Release|Any CPU.Build.0 = Release|Any CPU
	EndGlobalSection
	GlobalSection(SolutionProperties) = preSolution
		HideSolutionNode = FALSE
	EndGlobalSection
	GlobalSection(NestedProjects) = preSolution
		{D316BAF2-3CC2-4E41-9B68-BF49AB9A0B6D} = {63912A85-347E-4597-B0F2-FD1FB098D432}
		{2728C8A9-7304-46F3-8A93-F0A53D91BF21} = {63912A85-347E-4597-B0F2-FD1FB098D432}
		{753953CB-859D-4094-8B3B-FDC1A46A57E6} = {63912A85-347E-4597-B0F2-FD1FB098D432}
		{9F602AF8-9BC9-4E5E-BE0D-745B2A91D814} = {63912A85-347E-4597-B0F2-FD1FB098D432}
		{D4E9A01D-0B99-41F0-9FF5-848CD8209F51} = {63912A85-347E-4597-B0F2-FD1FB098D432}
		{6E93B791-34AC-402D-BB64-DEAAA388D171} = {63912A85-347E-4597-B0F2-FD1FB098D432}
		{033DD80D-AD51-4AA2-87F1-DCFD3131A08E} = {63912A85-347E-4597-B0F2-FD1FB098D432}
		{CFCBA8D1-CFC2-46A3-8774-37223B7499CB} = {63912A85-347E-4597-B0F2-FD1FB098D432}
		{6A8FF0B3-3B49-4FEE-8DE6-374F8EFE2A7E} = {63912A85-347E-4597-B0F2-FD1FB098D432}
		{9D62264B-077A-4A1F-9605-5EDE74406798} = {D9AF4300-32DC-418E-B752-D787133885AB}
		{3282CE22-6CD9-4DDC-B219-3AED1F4728AD} = {D9AF4300-32DC-418E-B752-D787133885AB}
		{43328D6B-4ACB-46DE-8791-A32B45F9AD04} = {D9AF4300-32DC-418E-B752-D787133885AB}
		{ADF8E550-012C-467D-99D8-E44F3F352A9D} = {D9AF4300-32DC-418E-B752-D787133885AB}
		{12DDEA2B-5B10-41D2-8232-A43B7ADEC521} = {C0D5506F-8681-4AB8-99CF-C4FAF92D8D0F}
		{893F27A5-3710-4F6D-BC9A-8911B549519B} = {C0D5506F-8681-4AB8-99CF-C4FAF92D8D0F}
		{501BBDBB-AC95-41DE-B87C-0AC946B08047} = {C0D5506F-8681-4AB8-99CF-C4FAF92D8D0F}
		{33290B49-5D4B-47F3-8C03-D203595C9F12} = {C0D5506F-8681-4AB8-99CF-C4FAF92D8D0F}
	EndGlobalSection
EndGlobal
