
Microsoft Visual Studio Solution File, Format Version 12.00
# Visual Studio 2012
Project("{2150E333-8FDC-42A3-9474-1A3956D46DE8}") = "- Solution Items", "- Solution Items", "{3574DDD5-3AD3-4A59-8707-9B1AFE279468}"
	ProjectSection(SolutionItems) = preProject
		Author.txt = Author.txt
		License-MvvmFx.CaliburnMicro.txt = License-MvvmFx.CaliburnMicro.txt
		..\Binding\License-MvvmFx.Windows.txt = ..\Binding\License-MvvmFx.Windows.txt
	EndProjectSection
EndProject
Project("{2150E333-8FDC-42A3-9474-1A3956D46DE8}") = "CaliburnMicro", "CaliburnMicro", "{14FA455C-2362-4330-AF8B-613A14761D50}"
EndProject
Project("{FAE04EC0-301F-11D3-BF4B-00C04F79EFBC}") = "CaliburnMicro.WebGUI.Net4", "CaliburnMicro.WebGUI.Net4\CaliburnMicro.WebGUI.Net4.csproj", "{8FC1BBF4-5292-4049-9715-8DD6DD712C0B}"
EndProject
Project("{FAE04EC0-301F-11D3-BF4B-00C04F79EFBC}") = "CaliburnMicro.WebGUI.Net45", "CaliburnMicro.WebGUI.Net45\CaliburnMicro.WebGUI.Net45.csproj", "{A40BFA3D-4236-4842-8874-31DFD5E0540A}"
EndProject
Project("{FAE04EC0-301F-11D3-BF4B-00C04F79EFBC}") = "CaliburnMicro.WinForms.Net4", "CaliburnMicro.WinForms.Net4\CaliburnMicro.WinForms.Net4.csproj", "{47CFADF9-5596-4D48-8813-E89283E5AD35}"
EndProject
Project("{FAE04EC0-301F-11D3-BF4B-00C04F79EFBC}") = "CaliburnMicro.WinForms.Net45", "CaliburnMicro.WinForms.Net45\CaliburnMicro.WinForms.Net45.csproj", "{8A70916C-7D79-4539-A4E4-178FBB66C703}"
EndProject
Project("{2150E333-8FDC-42A3-9474-1A3956D46DE8}") = "CaliburnMicro.Csla", "CaliburnMicro.Csla", "{B92AF879-4E30-4C29-B611-662866156C5C}"
EndProject
Project("{FAE04EC0-301F-11D3-BF4B-00C04F79EFBC}") = "CaliburnMicro.Csla.WebGUI.Net4", "CaliburnMicro.Csla.WebGUI.Net4\CaliburnMicro.Csla.WebGUI.Net4.csproj", "{C5F571B3-0F84-40DA-A6C8-D8846FB4147E}"
EndProject
Project("{FAE04EC0-301F-11D3-BF4B-00C04F79EFBC}") = "CaliburnMicro.Csla.WebGUI.Net45", "CaliburnMicro.Csla.WebGUI.Net45\CaliburnMicro.Csla.WebGUI.Net45.csproj", "{BC606276-F39E-4C13-A42D-D77A6A640EB1}"
EndProject
Project("{FAE04EC0-301F-11D3-BF4B-00C04F79EFBC}") = "CaliburnMicro.Csla.WinForms.Net4", "CaliburnMicro.Csla.WinForms.Net4\CaliburnMicro.Csla.WinForms.Net4.csproj", "{0C72F82B-DE06-4BC8-B775-11F5B0614A44}"
EndProject
Project("{FAE04EC0-301F-11D3-BF4B-00C04F79EFBC}") = "CaliburnMicro.Csla.WinForms.Net45", "CaliburnMicro.Csla.WinForms.Net45\CaliburnMicro.Csla.WinForms.Net45.csproj", "{C33059D8-0DA0-4B21-81A4-62994D1DF0AB}"
EndProject
Project("{2150E333-8FDC-42A3-9474-1A3956D46DE8}") = "CaliburnMicro.DialogExtensions", "CaliburnMicro.DialogExtensions", "{A816F35D-967B-4E36-B96A-E54499EE29F6}"
EndProject
Project("{FAE04EC0-301F-11D3-BF4B-00C04F79EFBC}") = "CaliburnMicro.DialogExtensions.WebGUI.Net4", "CaliburnMicro.DialogExtensions.WebGUI.Net4\CaliburnMicro.DialogExtensions.WebGUI.Net4.csproj", "{9B854069-1B5E-453D-A49F-E91B79D1233E}"
EndProject
Project("{FAE04EC0-301F-11D3-BF4B-00C04F79EFBC}") = "CaliburnMicro.DialogExtensions.WebGUI.Net45", "CaliburnMicro.DialogExtensions.WebGUI.Net45\CaliburnMicro.DialogExtensions.WebGUI.Net45.csproj", "{1E27CF70-F0C0-407B-B43A-D58A56A7BF8E}"
EndProject
Project("{FAE04EC0-301F-11D3-BF4B-00C04F79EFBC}") = "CaliburnMicro.DialogExtensions.WinForms.Net4", "CaliburnMicro.DialogExtensions.WinForms.Net4\CaliburnMicro.DialogExtensions.WinForms.Net4.csproj", "{88B2E890-6B9C-43B4-8399-93DB850B32E0}"
EndProject
Project("{FAE04EC0-301F-11D3-BF4B-00C04F79EFBC}") = "CaliburnMicro.DialogExtensions.WinForms.Net45", "CaliburnMicro.DialogExtensions.WinForms.Net45\CaliburnMicro.DialogExtensions.WinForms.Net45.csproj", "{33535861-72AD-448D-96C8-549FA64AED93}"
EndProject
Project("{2150E333-8FDC-42A3-9474-1A3956D46DE8}") = "Logging", "Logging", "{06E2386C-8ECC-416A-915C-6123B80DF4BC}"
EndProject
Project("{FAE04EC0-301F-11D3-BF4B-00C04F79EFBC}") = "MvvmFx.Logging.Net4", "..\Logging\MvvmFx.Logging.Net4\MvvmFx.Logging.Net4.csproj", "{37C4F6A3-F9F7-48F6-837F-F5BCD1DFE4B8}"
EndProject
Project("{FAE04EC0-301F-11D3-BF4B-00C04F79EFBC}") = "MvvmFx.Logging.Net45", "..\Logging\MvvmFx.Logging.Net45\MvvmFx.Logging.Net45.csproj", "{72623D05-B8DB-404E-81B3-17EF258579E0}"
EndProject
Project("{2150E333-8FDC-42A3-9474-1A3956D46DE8}") = "Simple DataBinding", "Simple DataBinding", "{64716A19-9419-42E4-9645-8022F5EC07A0}"
EndProject
Project("{FAE04EC0-301F-11D3-BF4B-00C04F79EFBC}") = "MvvmFx.DataBinding.WebGUI.Net4", "..\Binding\MvvmFx.DataBinding.WebGUI.Net4\MvvmFx.DataBinding.WebGUI.Net4.csproj", "{9D62264B-077A-4A1F-9605-5EDE74406798}"
EndProject
Project("{FAE04EC0-301F-11D3-BF4B-00C04F79EFBC}") = "MvvmFx.DataBinding.WebGUI.Net45", "..\Binding\MvvmFx.DataBinding.WebGUI.Net45\MvvmFx.DataBinding.WebGUI.Net45.csproj", "{3282CE22-6CD9-4DDC-B219-3AED1F4728AD}"
EndProject
Project("{FAE04EC0-301F-11D3-BF4B-00C04F79EFBC}") = "MvvmFx.DataBinding.WinForms.Net4", "..\Binding\MvvmFx.DataBinding.WinForms.Net4\MvvmFx.DataBinding.WinForms.Net4.csproj", "{43328D6B-4ACB-46DE-8791-A32B45F9AD04}"
EndProject
Project("{FAE04EC0-301F-11D3-BF4B-00C04F79EFBC}") = "MvvmFx.DataBinding.WinForms.Net45", "..\Binding\MvvmFx.DataBinding.WinForms.Net45\MvvmFx.DataBinding.WinForms.Net45.csproj", "{ADF8E550-012C-467D-99D8-E44F3F352A9D}"
EndProject
Global
	GlobalSection(SolutionConfigurationPlatforms) = preSolution
		Debug|Any CPU = Debug|Any CPU
		Release|Any CPU = Release|Any CPU
	EndGlobalSection
	GlobalSection(ProjectConfigurationPlatforms) = postSolution
		{8FC1BBF4-5292-4049-9715-8DD6DD712C0B}.Debug|Any CPU.ActiveCfg = Debug|Any CPU
		{8FC1BBF4-5292-4049-9715-8DD6DD712C0B}.Debug|Any CPU.Build.0 = Debug|Any CPU
		{8FC1BBF4-5292-4049-9715-8DD6DD712C0B}.Release|Any CPU.ActiveCfg = Release|Any CPU
		{8FC1BBF4-5292-4049-9715-8DD6DD712C0B}.Release|Any CPU.Build.0 = Release|Any CPU
		{A40BFA3D-4236-4842-8874-31DFD5E0540A}.Debug|Any CPU.ActiveCfg = Debug|Any CPU
		{A40BFA3D-4236-4842-8874-31DFD5E0540A}.Debug|Any CPU.Build.0 = Debug|Any CPU
		{A40BFA3D-4236-4842-8874-31DFD5E0540A}.Release|Any CPU.ActiveCfg = Release|Any CPU
		{A40BFA3D-4236-4842-8874-31DFD5E0540A}.Release|Any CPU.Build.0 = Release|Any CPU
		{47CFADF9-5596-4D48-8813-E89283E5AD35}.Debug|Any CPU.ActiveCfg = Debug|Any CPU
		{47CFADF9-5596-4D48-8813-E89283E5AD35}.Debug|Any CPU.Build.0 = Debug|Any CPU
		{47CFADF9-5596-4D48-8813-E89283E5AD35}.Release|Any CPU.ActiveCfg = Release|Any CPU
		{47CFADF9-5596-4D48-8813-E89283E5AD35}.Release|Any CPU.Build.0 = Release|Any CPU
		{8A70916C-7D79-4539-A4E4-178FBB66C703}.Debug|Any CPU.ActiveCfg = Debug|Any CPU
		{8A70916C-7D79-4539-A4E4-178FBB66C703}.Debug|Any CPU.Build.0 = Debug|Any CPU
		{8A70916C-7D79-4539-A4E4-178FBB66C703}.Release|Any CPU.ActiveCfg = Release|Any CPU
		{8A70916C-7D79-4539-A4E4-178FBB66C703}.Release|Any CPU.Build.0 = Release|Any CPU
		{C5F571B3-0F84-40DA-A6C8-D8846FB4147E}.Debug|Any CPU.ActiveCfg = Debug|Any CPU
		{C5F571B3-0F84-40DA-A6C8-D8846FB4147E}.Debug|Any CPU.Build.0 = Debug|Any CPU
		{C5F571B3-0F84-40DA-A6C8-D8846FB4147E}.Release|Any CPU.ActiveCfg = Release|Any CPU
		{C5F571B3-0F84-40DA-A6C8-D8846FB4147E}.Release|Any CPU.Build.0 = Release|Any CPU
		{BC606276-F39E-4C13-A42D-D77A6A640EB1}.Debug|Any CPU.ActiveCfg = Debug|Any CPU
		{BC606276-F39E-4C13-A42D-D77A6A640EB1}.Debug|Any CPU.Build.0 = Debug|Any CPU
		{BC606276-F39E-4C13-A42D-D77A6A640EB1}.Release|Any CPU.ActiveCfg = Release|Any CPU
		{BC606276-F39E-4C13-A42D-D77A6A640EB1}.Release|Any CPU.Build.0 = Release|Any CPU
		{0C72F82B-DE06-4BC8-B775-11F5B0614A44}.Debug|Any CPU.ActiveCfg = Debug|Any CPU
		{0C72F82B-DE06-4BC8-B775-11F5B0614A44}.Debug|Any CPU.Build.0 = Debug|Any CPU
		{0C72F82B-DE06-4BC8-B775-11F5B0614A44}.Release|Any CPU.ActiveCfg = Release|Any CPU
		{0C72F82B-DE06-4BC8-B775-11F5B0614A44}.Release|Any CPU.Build.0 = Release|Any CPU
		{C33059D8-0DA0-4B21-81A4-62994D1DF0AB}.Debug|Any CPU.ActiveCfg = Debug|Any CPU
		{C33059D8-0DA0-4B21-81A4-62994D1DF0AB}.Debug|Any CPU.Build.0 = Debug|Any CPU
		{C33059D8-0DA0-4B21-81A4-62994D1DF0AB}.Release|Any CPU.ActiveCfg = Release|Any CPU
		{C33059D8-0DA0-4B21-81A4-62994D1DF0AB}.Release|Any CPU.Build.0 = Release|Any CPU
		{9B854069-1B5E-453D-A49F-E91B79D1233E}.Debug|Any CPU.ActiveCfg = Debug|Any CPU
		{9B854069-1B5E-453D-A49F-E91B79D1233E}.Debug|Any CPU.Build.0 = Debug|Any CPU
		{9B854069-1B5E-453D-A49F-E91B79D1233E}.Release|Any CPU.ActiveCfg = Release|Any CPU
		{9B854069-1B5E-453D-A49F-E91B79D1233E}.Release|Any CPU.Build.0 = Release|Any CPU
		{1E27CF70-F0C0-407B-B43A-D58A56A7BF8E}.Debug|Any CPU.ActiveCfg = Debug|Any CPU
		{1E27CF70-F0C0-407B-B43A-D58A56A7BF8E}.Debug|Any CPU.Build.0 = Debug|Any CPU
		{1E27CF70-F0C0-407B-B43A-D58A56A7BF8E}.Release|Any CPU.ActiveCfg = Release|Any CPU
		{1E27CF70-F0C0-407B-B43A-D58A56A7BF8E}.Release|Any CPU.Build.0 = Release|Any CPU
		{88B2E890-6B9C-43B4-8399-93DB850B32E0}.Debug|Any CPU.ActiveCfg = Debug|Any CPU
		{88B2E890-6B9C-43B4-8399-93DB850B32E0}.Debug|Any CPU.Build.0 = Debug|Any CPU
		{88B2E890-6B9C-43B4-8399-93DB850B32E0}.Release|Any CPU.ActiveCfg = Release|Any CPU
		{88B2E890-6B9C-43B4-8399-93DB850B32E0}.Release|Any CPU.Build.0 = Release|Any CPU
		{33535861-72AD-448D-96C8-549FA64AED93}.Debug|Any CPU.ActiveCfg = Debug|Any CPU
		{33535861-72AD-448D-96C8-549FA64AED93}.Debug|Any CPU.Build.0 = Debug|Any CPU
		{33535861-72AD-448D-96C8-549FA64AED93}.Release|Any CPU.ActiveCfg = Release|Any CPU
		{33535861-72AD-448D-96C8-549FA64AED93}.Release|Any CPU.Build.0 = Release|Any CPU
		{37C4F6A3-F9F7-48F6-837F-F5BCD1DFE4B8}.Debug|Any CPU.ActiveCfg = Debug|Any CPU
		{37C4F6A3-F9F7-48F6-837F-F5BCD1DFE4B8}.Debug|Any CPU.Build.0 = Debug|Any CPU
		{37C4F6A3-F9F7-48F6-837F-F5BCD1DFE4B8}.Release|Any CPU.ActiveCfg = Release|Any CPU
		{37C4F6A3-F9F7-48F6-837F-F5BCD1DFE4B8}.Release|Any CPU.Build.0 = Release|Any CPU
		{72623D05-B8DB-404E-81B3-17EF258579E0}.Debug|Any CPU.ActiveCfg = Debug|Any CPU
		{72623D05-B8DB-404E-81B3-17EF258579E0}.Debug|Any CPU.Build.0 = Debug|Any CPU
		{72623D05-B8DB-404E-81B3-17EF258579E0}.Release|Any CPU.ActiveCfg = Release|Any CPU
		{72623D05-B8DB-404E-81B3-17EF258579E0}.Release|Any CPU.Build.0 = Release|Any CPU
		{9D62264B-077A-4A1F-9605-5EDE74406798}.Debug|Any CPU.ActiveCfg = Debug|Any CPU
		{9D62264B-077A-4A1F-9605-5EDE74406798}.Debug|Any CPU.Build.0 = Debug|Any CPU
		{9D62264B-077A-4A1F-9605-5EDE74406798}.Release|Any CPU.ActiveCfg = Release|Any CPU
		{9D62264B-077A-4A1F-9605-5EDE74406798}.Release|Any CPU.Build.0 = Release|Any CPU
		{3282CE22-6CD9-4DDC-B219-3AED1F4728AD}.Debug|Any CPU.ActiveCfg = Debug|Any CPU
		{3282CE22-6CD9-4DDC-B219-3AED1F4728AD}.Debug|Any CPU.Build.0 = Debug|Any CPU
		{3282CE22-6CD9-4DDC-B219-3AED1F4728AD}.Release|Any CPU.ActiveCfg = Release|Any CPU
		{3282CE22-6CD9-4DDC-B219-3AED1F4728AD}.Release|Any CPU.Build.0 = Release|Any CPU
		{43328D6B-4ACB-46DE-8791-A32B45F9AD04}.Debug|Any CPU.ActiveCfg = Debug|Any CPU
		{43328D6B-4ACB-46DE-8791-A32B45F9AD04}.Debug|Any CPU.Build.0 = Debug|Any CPU
		{43328D6B-4ACB-46DE-8791-A32B45F9AD04}.Release|Any CPU.ActiveCfg = Release|Any CPU
		{43328D6B-4ACB-46DE-8791-A32B45F9AD04}.Release|Any CPU.Build.0 = Release|Any CPU
		{ADF8E550-012C-467D-99D8-E44F3F352A9D}.Debug|Any CPU.ActiveCfg = Debug|Any CPU
		{ADF8E550-012C-467D-99D8-E44F3F352A9D}.Debug|Any CPU.Build.0 = Debug|Any CPU
		{ADF8E550-012C-467D-99D8-E44F3F352A9D}.Release|Any CPU.ActiveCfg = Release|Any CPU
		{ADF8E550-012C-467D-99D8-E44F3F352A9D}.Release|Any CPU.Build.0 = Release|Any CPU
	EndGlobalSection
	GlobalSection(SolutionProperties) = preSolution
		HideSolutionNode = FALSE
	EndGlobalSection
	GlobalSection(NestedProjects) = preSolution
		{8FC1BBF4-5292-4049-9715-8DD6DD712C0B} = {14FA455C-2362-4330-AF8B-613A14761D50}
		{A40BFA3D-4236-4842-8874-31DFD5E0540A} = {14FA455C-2362-4330-AF8B-613A14761D50}
		{47CFADF9-5596-4D48-8813-E89283E5AD35} = {14FA455C-2362-4330-AF8B-613A14761D50}
		{8A70916C-7D79-4539-A4E4-178FBB66C703} = {14FA455C-2362-4330-AF8B-613A14761D50}
		{C5F571B3-0F84-40DA-A6C8-D8846FB4147E} = {B92AF879-4E30-4C29-B611-662866156C5C}
		{BC606276-F39E-4C13-A42D-D77A6A640EB1} = {B92AF879-4E30-4C29-B611-662866156C5C}
		{0C72F82B-DE06-4BC8-B775-11F5B0614A44} = {B92AF879-4E30-4C29-B611-662866156C5C}
		{C33059D8-0DA0-4B21-81A4-62994D1DF0AB} = {B92AF879-4E30-4C29-B611-662866156C5C}
		{9B854069-1B5E-453D-A49F-E91B79D1233E} = {A816F35D-967B-4E36-B96A-E54499EE29F6}
		{1E27CF70-F0C0-407B-B43A-D58A56A7BF8E} = {A816F35D-967B-4E36-B96A-E54499EE29F6}
		{88B2E890-6B9C-43B4-8399-93DB850B32E0} = {A816F35D-967B-4E36-B96A-E54499EE29F6}
		{33535861-72AD-448D-96C8-549FA64AED93} = {A816F35D-967B-4E36-B96A-E54499EE29F6}
		{37C4F6A3-F9F7-48F6-837F-F5BCD1DFE4B8} = {06E2386C-8ECC-416A-915C-6123B80DF4BC}
		{72623D05-B8DB-404E-81B3-17EF258579E0} = {06E2386C-8ECC-416A-915C-6123B80DF4BC}
		{9D62264B-077A-4A1F-9605-5EDE74406798} = {64716A19-9419-42E4-9645-8022F5EC07A0}
		{3282CE22-6CD9-4DDC-B219-3AED1F4728AD} = {64716A19-9419-42E4-9645-8022F5EC07A0}
		{43328D6B-4ACB-46DE-8791-A32B45F9AD04} = {64716A19-9419-42E4-9645-8022F5EC07A0}
		{ADF8E550-012C-467D-99D8-E44F3F352A9D} = {64716A19-9419-42E4-9645-8022F5EC07A0}
	EndGlobalSection
EndGlobal
