Microsoft Visual Studio Solution File, Format Version 12.00
# Visual Studio 2013
VisualStudioVersion = 12.0.40629.0
MinimumVisualStudioVersion = 10.0.40219.1
Project("{FAE04EC0-301F-11D3-BF4B-00C04F79EFBC}") = "WinForms.TestBoundTreeView.451", "WinForms.TestBoundTreeView.451\WinForms.TestBoundTreeView.451.csproj", "{627DB2D5-88FE-4654-8517-FE660344C6D6}"
EndProject
Project("{FAE04EC0-301F-11D3-BF4B-00C04F79EFBC}") = "WebGUI.TestBoundTreeView.451", "WebGUI.TestBoundTreeView.451\WebGUI.TestBoundTreeView.451.csproj", "{779C9916-2DCB-436C-AA30-236C5EBBE398}"
EndProject
Project("{FAE04EC0-301F-11D3-BF4B-00C04F79EFBC}") = "BoundControls.Business.451", "BoundControls.Business.451\BoundControls.Business.451.csproj", "{235B8E10-25E0-4FC5-9D17-A7547A1220DE}"
EndProject
Project("{2150E333-8FDC-42A3-9474-1A3956D46DE8}") = "Logging", "Logging", "{F96C7953-0328-4EEC-8AE5-61A01BE62D40}"
EndProject
Project("{FAE04EC0-301F-11D3-BF4B-00C04F79EFBC}") = "MvvmFx.Log4netLogger.451", "..\..\Src\Logging\MvvmFx.Log4netLogger.451\MvvmFx.Log4netLogger.451.csproj", "{66C0CCE3-ED7A-4DD9-9E8F-5C26A5C5DC75}"
EndProject
Project("{FAE04EC0-301F-11D3-BF4B-00C04F79EFBC}") = "MvvmFx.Logging.451", "..\..\Src\Logging\MvvmFx.Logging.451\MvvmFx.Logging.451.csproj", "{4DC5F78F-8EC1-43CE-8A29-2A24FDDB15F7}"
EndProject
Project("{FAE04EC0-301F-11D3-BF4B-00C04F79EFBC}") = "MvvmFx.NLogLogger.451", "..\..\Src\Logging\MvvmFx.NLogLogger.451\MvvmFx.NLogLogger.451.csproj", "{D404AFA8-83C5-4B73-8A85-D3748804CAC4}"
EndProject
Project("{FAE04EC0-301F-11D3-BF4B-00C04F79EFBC}") = "MvvmFx.WebGUI.Forms.451", "..\..\Src\BoundControls\MvvmFx.WebGUI.Forms.451\MvvmFx.WebGUI.Forms.451.csproj", "{1A9B3172-7014-475E-B073-BE5870290287}"
EndProject
Project("{FAE04EC0-301F-11D3-BF4B-00C04F79EFBC}") = "MvvmFx.Windows.Forms.451", "..\..\Src\BoundControls\MvvmFx.Windows.Forms.451\MvvmFx.Windows.Forms.451.csproj", "{ED342C71-5D03-42E2-A7C2-EFE6AB375627}"
EndProject
Global
	GlobalSection(SubversionScc) = preSolution
		Svn-Managed = True
		Manager = AnkhSVN - Subversion Support for Visual Studio
	EndGlobalSection
	GlobalSection(SolutionConfigurationPlatforms) = preSolution
		Debug|Any CPU = Debug|Any CPU
		Debug|Mixed Platforms = Debug|Mixed Platforms
		Debug|x86 = Debug|x86
		Release|Any CPU = Release|Any CPU
		Release|Mixed Platforms = Release|Mixed Platforms
		Release|x86 = Release|x86
	EndGlobalSection
	GlobalSection(ProjectConfigurationPlatforms) = postSolution
		{627DB2D5-88FE-4654-8517-FE660344C6D6}.Debug|Any CPU.ActiveCfg = Debug|Any CPU
		{627DB2D5-88FE-4654-8517-FE660344C6D6}.Debug|Any CPU.Build.0 = Debug|Any CPU
		{627DB2D5-88FE-4654-8517-FE660344C6D6}.Debug|Mixed Platforms.ActiveCfg = Debug|Any CPU
		{627DB2D5-88FE-4654-8517-FE660344C6D6}.Debug|x86.ActiveCfg = Debug|Any CPU
		{627DB2D5-88FE-4654-8517-FE660344C6D6}.Release|Any CPU.ActiveCfg = Release|Any CPU
		{627DB2D5-88FE-4654-8517-FE660344C6D6}.Release|Any CPU.Build.0 = Release|Any CPU
		{627DB2D5-88FE-4654-8517-FE660344C6D6}.Release|Mixed Platforms.ActiveCfg = Release|Any CPU
		{627DB2D5-88FE-4654-8517-FE660344C6D6}.Release|x86.ActiveCfg = Release|Any CPU
		{779C9916-2DCB-436C-AA30-236C5EBBE398}.Debug|Any CPU.ActiveCfg = Debug|Any CPU
		{779C9916-2DCB-436C-AA30-236C5EBBE398}.Debug|Any CPU.Build.0 = Debug|Any CPU
		{779C9916-2DCB-436C-AA30-236C5EBBE398}.Debug|Mixed Platforms.ActiveCfg = Debug|Any CPU
		{779C9916-2DCB-436C-AA30-236C5EBBE398}.Debug|x86.ActiveCfg = Debug|Any CPU
		{779C9916-2DCB-436C-AA30-236C5EBBE398}.Release|Any CPU.ActiveCfg = Release|Any CPU
		{779C9916-2DCB-436C-AA30-236C5EBBE398}.Release|Any CPU.Build.0 = Release|Any CPU
		{779C9916-2DCB-436C-AA30-236C5EBBE398}.Release|Mixed Platforms.ActiveCfg = Release|Any CPU
		{779C9916-2DCB-436C-AA30-236C5EBBE398}.Release|x86.ActiveCfg = Release|Any CPU
		{235B8E10-25E0-4FC5-9D17-A7547A1220DE}.Debug|Any CPU.ActiveCfg = Debug|Any CPU
		{235B8E10-25E0-4FC5-9D17-A7547A1220DE}.Debug|Any CPU.Build.0 = Debug|Any CPU
		{235B8E10-25E0-4FC5-9D17-A7547A1220DE}.Debug|Mixed Platforms.ActiveCfg = Debug|Any CPU
		{235B8E10-25E0-4FC5-9D17-A7547A1220DE}.Debug|x86.ActiveCfg = Debug|Any CPU
		{235B8E10-25E0-4FC5-9D17-A7547A1220DE}.Release|Any CPU.ActiveCfg = Release|Any CPU
		{235B8E10-25E0-4FC5-9D17-A7547A1220DE}.Release|Any CPU.Build.0 = Release|Any CPU
		{235B8E10-25E0-4FC5-9D17-A7547A1220DE}.Release|Mixed Platforms.ActiveCfg = Release|Any CPU
		{235B8E10-25E0-4FC5-9D17-A7547A1220DE}.Release|x86.ActiveCfg = Release|Any CPU
		{66C0CCE3-ED7A-4DD9-9E8F-5C26A5C5DC75}.Debug|Any CPU.ActiveCfg = Debug|Any CPU
		{66C0CCE3-ED7A-4DD9-9E8F-5C26A5C5DC75}.Debug|Any CPU.Build.0 = Debug|Any CPU
		{66C0CCE3-ED7A-4DD9-9E8F-5C26A5C5DC75}.Debug|Mixed Platforms.ActiveCfg = Debug|Any CPU
		{66C0CCE3-ED7A-4DD9-9E8F-5C26A5C5DC75}.Debug|x86.ActiveCfg = Debug|Any CPU
		{66C0CCE3-ED7A-4DD9-9E8F-5C26A5C5DC75}.Release|Any CPU.ActiveCfg = Release|Any CPU
		{66C0CCE3-ED7A-4DD9-9E8F-5C26A5C5DC75}.Release|Any CPU.Build.0 = Release|Any CPU
		{66C0CCE3-ED7A-4DD9-9E8F-5C26A5C5DC75}.Release|Mixed Platforms.ActiveCfg = Release|Any CPU
		{66C0CCE3-ED7A-4DD9-9E8F-5C26A5C5DC75}.Release|x86.ActiveCfg = Release|Any CPU
		{4DC5F78F-8EC1-43CE-8A29-2A24FDDB15F7}.Debug|Any CPU.ActiveCfg = Debug|Any CPU
		{4DC5F78F-8EC1-43CE-8A29-2A24FDDB15F7}.Debug|Any CPU.Build.0 = Debug|Any CPU
		{4DC5F78F-8EC1-43CE-8A29-2A24FDDB15F7}.Debug|Mixed Platforms.ActiveCfg = Debug|Any CPU
		{4DC5F78F-8EC1-43CE-8A29-2A24FDDB15F7}.Debug|x86.ActiveCfg = Debug|Any CPU
		{4DC5F78F-8EC1-43CE-8A29-2A24FDDB15F7}.Release|Any CPU.ActiveCfg = Release|Any CPU
		{4DC5F78F-8EC1-43CE-8A29-2A24FDDB15F7}.Release|Any CPU.Build.0 = Release|Any CPU
		{4DC5F78F-8EC1-43CE-8A29-2A24FDDB15F7}.Release|Mixed Platforms.ActiveCfg = Release|Any CPU
		{4DC5F78F-8EC1-43CE-8A29-2A24FDDB15F7}.Release|x86.ActiveCfg = Release|Any CPU
		{D404AFA8-83C5-4B73-8A85-D3748804CAC4}.Debug|Any CPU.ActiveCfg = Debug|Any CPU
		{D404AFA8-83C5-4B73-8A85-D3748804CAC4}.Debug|Any CPU.Build.0 = Debug|Any CPU
		{D404AFA8-83C5-4B73-8A85-D3748804CAC4}.Debug|Mixed Platforms.ActiveCfg = Debug|Any CPU
		{D404AFA8-83C5-4B73-8A85-D3748804CAC4}.Debug|x86.ActiveCfg = Debug|Any CPU
		{D404AFA8-83C5-4B73-8A85-D3748804CAC4}.Release|Any CPU.ActiveCfg = Release|Any CPU
		{D404AFA8-83C5-4B73-8A85-D3748804CAC4}.Release|Any CPU.Build.0 = Release|Any CPU
		{D404AFA8-83C5-4B73-8A85-D3748804CAC4}.Release|Mixed Platforms.ActiveCfg = Release|Any CPU
		{D404AFA8-83C5-4B73-8A85-D3748804CAC4}.Release|x86.ActiveCfg = Release|Any CPU
		{1A9B3172-7014-475E-B073-BE5870290287}.Debug|Any CPU.ActiveCfg = Debug|Any CPU
		{1A9B3172-7014-475E-B073-BE5870290287}.Debug|Any CPU.Build.0 = Debug|Any CPU
		{1A9B3172-7014-475E-B073-BE5870290287}.Debug|Mixed Platforms.ActiveCfg = Debug|Any CPU
		{1A9B3172-7014-475E-B073-BE5870290287}.Debug|x86.ActiveCfg = Debug|Any CPU
		{1A9B3172-7014-475E-B073-BE5870290287}.Release|Any CPU.ActiveCfg = Release|Any CPU
		{1A9B3172-7014-475E-B073-BE5870290287}.Release|Any CPU.Build.0 = Release|Any CPU
		{1A9B3172-7014-475E-B073-BE5870290287}.Release|Mixed Platforms.ActiveCfg = Release|Any CPU
		{1A9B3172-7014-475E-B073-BE5870290287}.Release|x86.ActiveCfg = Release|Any CPU
		{ED342C71-5D03-42E2-A7C2-EFE6AB375627}.Debug|Any CPU.ActiveCfg = Debug|Any CPU
		{ED342C71-5D03-42E2-A7C2-EFE6AB375627}.Debug|Any CPU.Build.0 = Debug|Any CPU
		{ED342C71-5D03-42E2-A7C2-EFE6AB375627}.Debug|Mixed Platforms.ActiveCfg = Debug|Any CPU
		{ED342C71-5D03-42E2-A7C2-EFE6AB375627}.Debug|x86.ActiveCfg = Debug|Any CPU
		{ED342C71-5D03-42E2-A7C2-EFE6AB375627}.Release|Any CPU.ActiveCfg = Release|Any CPU
		{ED342C71-5D03-42E2-A7C2-EFE6AB375627}.Release|Any CPU.Build.0 = Release|Any CPU
		{ED342C71-5D03-42E2-A7C2-EFE6AB375627}.Release|Mixed Platforms.ActiveCfg = Release|Any CPU
		{ED342C71-5D03-42E2-A7C2-EFE6AB375627}.Release|x86.ActiveCfg = Release|Any CPU
	EndGlobalSection
	GlobalSection(SolutionProperties) = preSolution
		HideSolutionNode = FALSE
	EndGlobalSection
	GlobalSection(NestedProjects) = preSolution
		{66C0CCE3-ED7A-4DD9-9E8F-5C26A5C5DC75} = {F96C7953-0328-4EEC-8AE5-61A01BE62D40}
		{4DC5F78F-8EC1-43CE-8A29-2A24FDDB15F7} = {F96C7953-0328-4EEC-8AE5-61A01BE62D40}
		{D404AFA8-83C5-4B73-8A85-D3748804CAC4} = {F96C7953-0328-4EEC-8AE5-61A01BE62D40}
	EndGlobalSection
EndGlobal
