
Microsoft Visual Studio Solution File, Format Version 12.00
# Visual Studio 2012
Project("{FAE04EC0-301F-11D3-BF4B-00C04F79EFBC}") = "WinForms.TestBoundTreeView.45", "WinForms.TestBoundTreeView.45\WinForms.TestBoundTreeView.45.csproj", "{D356F4FE-2C6D-4A8A-A222-C417CC137181}"
EndProject
Project("{FAE04EC0-301F-11D3-BF4B-00C04F79EFBC}") = "WebGUI.TestBoundTreeView.45", "WebGUI.TestBoundTreeView.45\WebGUI.TestBoundTreeView.45.csproj", "{61C56BB8-4649-4B9E-9936-E53745D4A673}"
EndProject
Project("{FAE04EC0-301F-11D3-BF4B-00C04F79EFBC}") = "BoundControls.Business.45", "BoundControls.Business.45\BoundControls.Business.45.csproj", "{7173600E-5BE6-4336-9761-A3726B37F3E0}"
EndProject
Project("{2150E333-8FDC-42A3-9474-1A3956D46DE8}") = "Logging", "Logging", "{D0B2C49C-B7CE-433B-AE93-030A6C4699C6}"
EndProject
Project("{FAE04EC0-301F-11D3-BF4B-00C04F79EFBC}") = "MvvmFx.Log4netLogger.45", "..\..\Src\Logging\MvvmFx.Log4netLogger.45\MvvmFx.Log4netLogger.45.csproj", "{627C1829-0234-4C87-9683-8495B95F610B}"
EndProject
Project("{FAE04EC0-301F-11D3-BF4B-00C04F79EFBC}") = "MvvmFx.Logging.45", "..\..\Src\Logging\MvvmFx.Logging.45\MvvmFx.Logging.45.csproj", "{72623D05-B8DB-404E-81B3-17EF258579E0}"
EndProject
Project("{FAE04EC0-301F-11D3-BF4B-00C04F79EFBC}") = "MvvmFx.NLogLogger.45", "..\..\Src\Logging\MvvmFx.NLogLogger.45\MvvmFx.NLogLogger.45.csproj", "{882D7D0B-5057-450D-9F23-FEA7773CBAE8}"
EndProject
Project("{FAE04EC0-301F-11D3-BF4B-00C04F79EFBC}") = "MvvmFx.WebGUI.Forms.45", "..\..\Src\BoundControls\MvvmFx.WebGUI.Forms.45\MvvmFx.WebGUI.Forms.45.csproj", "{A9147A21-0D79-47BE-9B23-57FE7DF9375A}"
EndProject
Project("{FAE04EC0-301F-11D3-BF4B-00C04F79EFBC}") = "MvvmFx.Windows.Forms.45", "..\..\Src\BoundControls\MvvmFx.Windows.Forms.45\MvvmFx.Windows.Forms.45.csproj", "{440EDE1A-73C2-4A82-B2CE-9DDCA8D99C36}"
EndProject
Global
	GlobalSection(SubversionScc) = preSolution
		Svn-Managed = True
		Manager = AnkhSVN - Subversion Support for Visual Studio
	EndGlobalSection
	GlobalSection(SolutionConfigurationPlatforms) = preSolution
		Debug|Any CPU = Debug|Any CPU
		Release|Any CPU = Release|Any CPU
	EndGlobalSection
	GlobalSection(ProjectConfigurationPlatforms) = postSolution
		{D356F4FE-2C6D-4A8A-A222-C417CC137181}.Debug|Any CPU.ActiveCfg = Debug|Any CPU
		{D356F4FE-2C6D-4A8A-A222-C417CC137181}.Debug|Any CPU.Build.0 = Debug|Any CPU
		{D356F4FE-2C6D-4A8A-A222-C417CC137181}.Release|Any CPU.ActiveCfg = Release|Any CPU
		{D356F4FE-2C6D-4A8A-A222-C417CC137181}.Release|Any CPU.Build.0 = Release|Any CPU
		{61C56BB8-4649-4B9E-9936-E53745D4A673}.Debug|Any CPU.ActiveCfg = Debug|Any CPU
		{61C56BB8-4649-4B9E-9936-E53745D4A673}.Debug|Any CPU.Build.0 = Debug|Any CPU
		{61C56BB8-4649-4B9E-9936-E53745D4A673}.Release|Any CPU.ActiveCfg = Release|Any CPU
		{61C56BB8-4649-4B9E-9936-E53745D4A673}.Release|Any CPU.Build.0 = Release|Any CPU
		{7173600E-5BE6-4336-9761-A3726B37F3E0}.Debug|Any CPU.ActiveCfg = Debug|Any CPU
		{7173600E-5BE6-4336-9761-A3726B37F3E0}.Debug|Any CPU.Build.0 = Debug|Any CPU
		{7173600E-5BE6-4336-9761-A3726B37F3E0}.Release|Any CPU.ActiveCfg = Release|Any CPU
		{7173600E-5BE6-4336-9761-A3726B37F3E0}.Release|Any CPU.Build.0 = Release|Any CPU
		{627C1829-0234-4C87-9683-8495B95F610B}.Debug|Any CPU.ActiveCfg = Debug|Any CPU
		{627C1829-0234-4C87-9683-8495B95F610B}.Debug|Any CPU.Build.0 = Debug|Any CPU
		{627C1829-0234-4C87-9683-8495B95F610B}.Release|Any CPU.ActiveCfg = Release|Any CPU
		{627C1829-0234-4C87-9683-8495B95F610B}.Release|Any CPU.Build.0 = Release|Any CPU
		{72623D05-B8DB-404E-81B3-17EF258579E0}.Debug|Any CPU.ActiveCfg = Debug|Any CPU
		{72623D05-B8DB-404E-81B3-17EF258579E0}.Debug|Any CPU.Build.0 = Debug|Any CPU
		{72623D05-B8DB-404E-81B3-17EF258579E0}.Release|Any CPU.ActiveCfg = Release|Any CPU
		{72623D05-B8DB-404E-81B3-17EF258579E0}.Release|Any CPU.Build.0 = Release|Any CPU
		{882D7D0B-5057-450D-9F23-FEA7773CBAE8}.Debug|Any CPU.ActiveCfg = Debug|Any CPU
		{882D7D0B-5057-450D-9F23-FEA7773CBAE8}.Debug|Any CPU.Build.0 = Debug|Any CPU
		{882D7D0B-5057-450D-9F23-FEA7773CBAE8}.Release|Any CPU.ActiveCfg = Release|Any CPU
		{882D7D0B-5057-450D-9F23-FEA7773CBAE8}.Release|Any CPU.Build.0 = Release|Any CPU
		{A9147A21-0D79-47BE-9B23-57FE7DF9375A}.Debug|Any CPU.ActiveCfg = Debug|Any CPU
		{A9147A21-0D79-47BE-9B23-57FE7DF9375A}.Debug|Any CPU.Build.0 = Debug|Any CPU
		{A9147A21-0D79-47BE-9B23-57FE7DF9375A}.Release|Any CPU.ActiveCfg = Release|Any CPU
		{A9147A21-0D79-47BE-9B23-57FE7DF9375A}.Release|Any CPU.Build.0 = Release|Any CPU
		{440EDE1A-73C2-4A82-B2CE-9DDCA8D99C36}.Debug|Any CPU.ActiveCfg = Debug|Any CPU
		{440EDE1A-73C2-4A82-B2CE-9DDCA8D99C36}.Debug|Any CPU.Build.0 = Debug|Any CPU
		{440EDE1A-73C2-4A82-B2CE-9DDCA8D99C36}.Release|Any CPU.ActiveCfg = Release|Any CPU
		{440EDE1A-73C2-4A82-B2CE-9DDCA8D99C36}.Release|Any CPU.Build.0 = Release|Any CPU
	EndGlobalSection
	GlobalSection(SolutionProperties) = preSolution
		HideSolutionNode = FALSE
	EndGlobalSection
	GlobalSection(NestedProjects) = preSolution
		{627C1829-0234-4C87-9683-8495B95F610B} = {D0B2C49C-B7CE-433B-AE93-030A6C4699C6}
		{72623D05-B8DB-404E-81B3-17EF258579E0} = {D0B2C49C-B7CE-433B-AE93-030A6C4699C6}
		{882D7D0B-5057-450D-9F23-FEA7773CBAE8} = {D0B2C49C-B7CE-433B-AE93-030A6C4699C6}
	EndGlobalSection
EndGlobal
