
Microsoft Visual Studio Solution File, Format Version 12.00
# Visual Studio 14
VisualStudioVersion = 14.0.25420.1
MinimumVisualStudioVersion = 10.0.40219.1
Project("{FAE04EC0-301F-11D3-BF4B-00C04F79EFBC}") = "DataGridViewBinding.WisejWeb", "Binding\DataGridViewBinding.WisejWeb\DataGridViewBinding.WisejWeb.csproj", "{BA22EE1E-C853-40B1-A5C1-ED2B10300AC8}"
EndProject
Project("{FAE04EC0-301F-11D3-BF4B-00C04F79EFBC}") = "InvoicesUI.WisejWeb", "Binding\InvoicesUI.WisejWeb\InvoicesUI.WisejWeb.csproj", "{E7F49976-76A5-4767-80D6-2B8B9F309541}"
EndProject
Project("{FAE04EC0-301F-11D3-BF4B-00C04F79EFBC}") = "BusinessObjects", "Binding\BusinessObjects\BusinessObjects.csproj", "{C9CE0678-929B-44C8-B511-32007FC6510B}"
EndProject
Project("{FAE04EC0-301F-11D3-BF4B-00C04F79EFBC}") = "EventBinding.WisejWeb", "Binding\EventBinding.WisejWeb\EventBinding.WisejWeb.csproj", "{C9A8BE0F-96F3-4369-B4BA-8B400352B0BA}"
EndProject
Project("{FAE04EC0-301F-11D3-BF4B-00C04F79EFBC}") = "InvoicesBusiness", "Binding\InvoicesBusiness\InvoicesBusiness.csproj", "{C2869AD6-B378-4404-B662-CBA9CF67A12D}"
EndProject
Project("{FAE04EC0-301F-11D3-BF4B-00C04F79EFBC}") = "BoundControls.Business", "BoundControls\BoundControls.Business\BoundControls.Business.csproj", "{FAE0DF92-8751-4072-8AB7-6D8E824F1F03}"
EndProject
Project("{FAE04EC0-301F-11D3-BF4B-00C04F79EFBC}") = "CslaSample.Business", "CaliburnMicro\CslaSample\CslaSample.Business\CslaSample.Business.csproj", "{C8E78E6E-506D-495E-AD16-1BA31DC58DBC}"
EndProject
Project("{FAE04EC0-301F-11D3-BF4B-00C04F79EFBC}") = "FamilyBusiness", "CaliburnMicro\BoundTreeView\FamilyBusiness\FamilyBusiness.csproj", "{04F4836F-E406-4F0B-8A92-FF65F352DD01}"
EndProject
Project("{FAE04EC0-301F-11D3-BF4B-00C04F79EFBC}") = "StudentsBusiness", "CaliburnMicro\MasterDetailWithModel\StudentsBusiness\StudentsBusiness.csproj", "{DD824012-17CD-4507-940E-8B45A05E6639}"
EndProject
Project("{2150E333-8FDC-42A3-9474-1A3956D46DE8}") = "Framework projects", "Framework projects", "{523BA48E-1F68-4439-96B3-142AC15B2F31}"
EndProject
Project("{2150E333-8FDC-42A3-9474-1A3956D46DE8}") = "Binding", "Binding", "{613B008F-4FB1-4725-A40A-8DFCD8784C52}"
EndProject
Project("{2150E333-8FDC-42A3-9474-1A3956D46DE8}") = "BoundControls", "BoundControls", "{87005D41-07C8-4F0B-B3D6-D01C961D1993}"
EndProject
Project("{2150E333-8FDC-42A3-9474-1A3956D46DE8}") = "CaliburnMicro", "CaliburnMicro", "{286D8441-8F19-401D-B1EB-CBB6A62A5DE6}"
EndProject
Project("{2150E333-8FDC-42A3-9474-1A3956D46DE8}") = "Logging", "Logging", "{2D65933A-4E1B-42CA-9C9C-DC6E9CB49A72}"
EndProject
Project("{2150E333-8FDC-42A3-9474-1A3956D46DE8}") = "Samples", "Samples", "{E49433A0-ED8C-4949-9FFB-F05B5AF5EE4E}"
EndProject
Project("{2150E333-8FDC-42A3-9474-1A3956D46DE8}") = "Binding", "Binding", "{80F125E3-530E-4F23-A50F-15C72F977220}"
EndProject
Project("{2150E333-8FDC-42A3-9474-1A3956D46DE8}") = "BoundControls", "BoundControls", "{C9917253-3478-4BF5-8442-71CA41787CE0}"
EndProject
Project("{2150E333-8FDC-42A3-9474-1A3956D46DE8}") = "CaliburnMicro", "CaliburnMicro", "{A5F1D2C0-2C8F-4989-BF5E-81B9C858EDC3}"
EndProject
Project("{2150E333-8FDC-42A3-9474-1A3956D46DE8}") = "Sample BoundTreeView", "Sample BoundTreeView", "{486E31B1-5508-40AA-8785-FBF06824CC24}"
EndProject
Project("{2150E333-8FDC-42A3-9474-1A3956D46DE8}") = "CslaSample", "CslaSample", "{09B539CE-090C-4F38-8D17-68074D583F8A}"
EndProject
Project("{2150E333-8FDC-42A3-9474-1A3956D46DE8}") = "Sample MasterDetailWithModel", "Sample MasterDetailWithModel", "{2D29EE0E-AB18-4E3A-869C-0463AAA86041}"
EndProject
Project("{2150E333-8FDC-42A3-9474-1A3956D46DE8}") = "WisejWeb", "WisejWeb", "{AA40D84D-AA52-4886-9C94-4F83169D53C0}"
EndProject
Project("{2150E333-8FDC-42A3-9474-1A3956D46DE8}") = "WisejWeb", "WisejWeb", "{9FD68FD4-B6D1-41AE-8CBD-8DA7134E815B}"
EndProject
Project("{FAE04EC0-301F-11D3-BF4B-00C04F79EFBC}") = "MvvmFx.Controls.WisejWeb.Net45", "..\Source\BoundControls\MvvmFx.Controls.WisejWeb.Net45\MvvmFx.Controls.WisejWeb.Net45.csproj", "{F9A6952E-C1BC-4185-8407-D1F59D62255D}"
EndProject
Project("{FAE04EC0-301F-11D3-BF4B-00C04F79EFBC}") = "MvvmFx.Logging.Net45", "..\Source\Logging\MvvmFx.Logging.Net45\MvvmFx.Logging.Net45.csproj", "{72623D05-B8DB-404E-81B3-17EF258579E0}"
EndProject
Project("{FAE04EC0-301F-11D3-BF4B-00C04F79EFBC}") = "MvvmFx.NLogLogger.Net45", "..\Source\Logging\MvvmFx.NLogLogger.Net45\MvvmFx.NLogLogger.Net45.csproj", "{882D7D0B-5057-450D-9F23-FEA7773CBAE8}"
EndProject
Project("{FAE04EC0-301F-11D3-BF4B-00C04F79EFBC}") = "WindowsBase.WisejWeb.Net45", "..\Source\Binding\WindowsBase.WisejWeb.Net45\WindowsBase.WisejWeb.Net45.csproj", "{AFD62700-9250-48F1-85C0-F80249FED399}"
EndProject
Project("{FAE04EC0-301F-11D3-BF4B-00C04F79EFBC}") = "MvvmFx.DataBinding.WisejWeb.Net45", "..\Source\Binding\MvvmFx.DataBinding.WisejWeb.Net45\MvvmFx.DataBinding.WisejWeb.Net45.csproj", "{41ADBEE4-19F6-40F8-A10A-6BEB7DB842CF}"
EndProject
Project("{FAE04EC0-301F-11D3-BF4B-00C04F79EFBC}") = "MvvmFx.Windows.WisejWeb.Net45", "..\Source\Binding\MvvmFx.Windows.WisejWeb.Net45\MvvmFx.Windows.WisejWeb.Net45.csproj", "{0F9B7C37-4FEA-4C6B-9CAA-ABCA77CCF60F}"
EndProject
Project("{FAE04EC0-301F-11D3-BF4B-00C04F79EFBC}") = "CaliburnMicro.WisejWeb.Net45", "..\Source\CaliburnMicro\CaliburnMicro.WisejWeb.Net45\CaliburnMicro.WisejWeb.Net45.csproj", "{1CA317B0-D30D-494B-83A4-20FBBBE71E22}"
EndProject
Project("{FAE04EC0-301F-11D3-BF4B-00C04F79EFBC}") = "CaliburnMicro.Csla.WisejWeb.Net45", "..\Source\CaliburnMicro\CaliburnMicro.Csla.WisejWeb.Net45\CaliburnMicro.Csla.WisejWeb.Net45.csproj", "{2B41E1CD-7D7B-4B56-9A54-3D46BD9C1330}"
EndProject
Project("{FAE04EC0-301F-11D3-BF4B-00C04F79EFBC}") = "CaliburnMicro.DialogExtensions.WisejWeb.Net45", "..\Source\CaliburnMicro\CaliburnMicro.DialogExtensions.WisejWeb.Net45\CaliburnMicro.DialogExtensions.WisejWeb.Net45.csproj", "{EB6C4B1F-FDA8-4BF9-96F2-62359E225D05}"
EndProject
Project("{FAE04EC0-301F-11D3-BF4B-00C04F79EFBC}") = "WisejWeb.TestBoundControls", "BoundControls\WisejWeb.TestBoundControls\WisejWeb.TestBoundControls.csproj", "{FBF22675-C762-48ED-AC55-82E5BDAABC76}"
EndProject
Project("{FAE04EC0-301F-11D3-BF4B-00C04F79EFBC}") = "WisejWeb.TestTreeView", "BoundControls\WisejWeb.TestTreeView\WisejWeb.TestTreeView.csproj", "{AF4672DA-4240-4814-931F-BDD93EF0F4F8}"
EndProject
Project("{FAE04EC0-301F-11D3-BF4B-00C04F79EFBC}") = "AcyncUpdate.WisejWeb", "CaliburnMicro\AcyncUpdate.WisejWeb\AcyncUpdate.WisejWeb.csproj", "{C1271ED6-7E6C-4025-A58F-29C062CD3BE2}"
EndProject
Project("{FAE04EC0-301F-11D3-BF4B-00C04F79EFBC}") = "SimpleParameters.WisejWeb", "CaliburnMicro\SimpleParameters.WisejWeb\SimpleParameters.WisejWeb.csproj", "{8E0569F8-4D63-404A-BAC8-F161C5AD40C3}"
EndProject
Project("{FAE04EC0-301F-11D3-BF4B-00C04F79EFBC}") = "BoundTreeView.WisejWeb", "CaliburnMicro\BoundTreeView\BoundTreeView.WisejWeb\BoundTreeView.WisejWeb.csproj", "{C94912A7-F843-4044-930D-C090FEA74C32}"
EndProject
Project("{FAE04EC0-301F-11D3-BF4B-00C04F79EFBC}") = "MasterDetailWithModel.WisejWeb", "CaliburnMicro\MasterDetailWithModel\MasterDetailWithModel.WisejWeb\MasterDetailWithModel.WisejWeb.csproj", "{63810151-F10C-4345-A140-7D8855E8CA85}"
EndProject
Project("{FAE04EC0-301F-11D3-BF4B-00C04F79EFBC}") = "CslaSample.WisejWeb", "CaliburnMicro\CslaSample\CslaSample.WisejWeb\CslaSample.WisejWeb.csproj", "{5B416339-0F74-4FD7-AD97-06188A8529CC}"
EndProject
Project("{FAE04EC0-301F-11D3-BF4B-00C04F79EFBC}") = "CslaSample.WisejWeb.Page", "CaliburnMicro\CslaSample\CslaSample.WisejWeb.Page\CslaSample.WisejWeb.Page.csproj", "{4A379C47-B3FA-4A94-B3F6-85E12FED8038}"
EndProject
Project("{FAE04EC0-301F-11D3-BF4B-00C04F79EFBC}") = "WisejWeb.ComponentBinding", "BoundControls\WisejWeb.ComponentBinding\WisejWeb.ComponentBinding.csproj", "{83ABDBBF-5810-4803-A20F-53D518B1FAF5}"
EndProject
Project("{FAE04EC0-301F-11D3-BF4B-00C04F79EFBC}") = "WisejTreeSelectedNode", "BoundControls\WisejTreeSelectedNode\WisejTreeSelectedNode.csproj", "{1F9D5AA6-BBE5-4BCF-9C8D-6CC3AFD02601}"
EndProject
Global
	GlobalSection(SolutionConfigurationPlatforms) = preSolution
		Debug|Any CPU = Debug|Any CPU
		Debug|x86 = Debug|x86
		Release|Any CPU = Release|Any CPU
		Release|x86 = Release|x86
	EndGlobalSection
	GlobalSection(ProjectConfigurationPlatforms) = postSolution
		{BA22EE1E-C853-40B1-A5C1-ED2B10300AC8}.Debug|Any CPU.ActiveCfg = Debug|Any CPU
		{BA22EE1E-C853-40B1-A5C1-ED2B10300AC8}.Debug|Any CPU.Build.0 = Debug|Any CPU
		{BA22EE1E-C853-40B1-A5C1-ED2B10300AC8}.Debug|x86.ActiveCfg = Debug|Any CPU
		{BA22EE1E-C853-40B1-A5C1-ED2B10300AC8}.Debug|x86.Build.0 = Debug|Any CPU
		{BA22EE1E-C853-40B1-A5C1-ED2B10300AC8}.Release|Any CPU.ActiveCfg = Release|Any CPU
		{BA22EE1E-C853-40B1-A5C1-ED2B10300AC8}.Release|Any CPU.Build.0 = Release|Any CPU
		{BA22EE1E-C853-40B1-A5C1-ED2B10300AC8}.Release|x86.ActiveCfg = Release|Any CPU
		{BA22EE1E-C853-40B1-A5C1-ED2B10300AC8}.Release|x86.Build.0 = Release|Any CPU
		{E7F49976-76A5-4767-80D6-2B8B9F309541}.Debug|Any CPU.ActiveCfg = Debug|Any CPU
		{E7F49976-76A5-4767-80D6-2B8B9F309541}.Debug|Any CPU.Build.0 = Debug|Any CPU
		{E7F49976-76A5-4767-80D6-2B8B9F309541}.Debug|x86.ActiveCfg = Debug|Any CPU
		{E7F49976-76A5-4767-80D6-2B8B9F309541}.Debug|x86.Build.0 = Debug|Any CPU
		{E7F49976-76A5-4767-80D6-2B8B9F309541}.Release|Any CPU.ActiveCfg = Release|Any CPU
		{E7F49976-76A5-4767-80D6-2B8B9F309541}.Release|Any CPU.Build.0 = Release|Any CPU
		{E7F49976-76A5-4767-80D6-2B8B9F309541}.Release|x86.ActiveCfg = Release|Any CPU
		{E7F49976-76A5-4767-80D6-2B8B9F309541}.Release|x86.Build.0 = Release|Any CPU
		{C9CE0678-929B-44C8-B511-32007FC6510B}.Debug|Any CPU.ActiveCfg = Debug|Any CPU
		{C9CE0678-929B-44C8-B511-32007FC6510B}.Debug|Any CPU.Build.0 = Debug|Any CPU
		{C9CE0678-929B-44C8-B511-32007FC6510B}.Debug|x86.ActiveCfg = Debug|Any CPU
		{C9CE0678-929B-44C8-B511-32007FC6510B}.Debug|x86.Build.0 = Debug|Any CPU
		{C9CE0678-929B-44C8-B511-32007FC6510B}.Release|Any CPU.ActiveCfg = Release|Any CPU
		{C9CE0678-929B-44C8-B511-32007FC6510B}.Release|Any CPU.Build.0 = Release|Any CPU
		{C9CE0678-929B-44C8-B511-32007FC6510B}.Release|x86.ActiveCfg = Release|Any CPU
		{C9CE0678-929B-44C8-B511-32007FC6510B}.Release|x86.Build.0 = Release|Any CPU
		{C9A8BE0F-96F3-4369-B4BA-8B400352B0BA}.Debug|Any CPU.ActiveCfg = Debug|Any CPU
		{C9A8BE0F-96F3-4369-B4BA-8B400352B0BA}.Debug|Any CPU.Build.0 = Debug|Any CPU
		{C9A8BE0F-96F3-4369-B4BA-8B400352B0BA}.Debug|x86.ActiveCfg = Debug|Any CPU
		{C9A8BE0F-96F3-4369-B4BA-8B400352B0BA}.Debug|x86.Build.0 = Debug|Any CPU
		{C9A8BE0F-96F3-4369-B4BA-8B400352B0BA}.Release|Any CPU.ActiveCfg = Release|Any CPU
		{C9A8BE0F-96F3-4369-B4BA-8B400352B0BA}.Release|Any CPU.Build.0 = Release|Any CPU
		{C9A8BE0F-96F3-4369-B4BA-8B400352B0BA}.Release|x86.ActiveCfg = Release|Any CPU
		{C9A8BE0F-96F3-4369-B4BA-8B400352B0BA}.Release|x86.Build.0 = Release|Any CPU
		{C2869AD6-B378-4404-B662-CBA9CF67A12D}.Debug|Any CPU.ActiveCfg = Debug|Any CPU
		{C2869AD6-B378-4404-B662-CBA9CF67A12D}.Debug|Any CPU.Build.0 = Debug|Any CPU
		{C2869AD6-B378-4404-B662-CBA9CF67A12D}.Debug|x86.ActiveCfg = Debug|Any CPU
		{C2869AD6-B378-4404-B662-CBA9CF67A12D}.Debug|x86.Build.0 = Debug|Any CPU
		{C2869AD6-B378-4404-B662-CBA9CF67A12D}.Release|Any CPU.ActiveCfg = Release|Any CPU
		{C2869AD6-B378-4404-B662-CBA9CF67A12D}.Release|Any CPU.Build.0 = Release|Any CPU
		{C2869AD6-B378-4404-B662-CBA9CF67A12D}.Release|x86.ActiveCfg = Release|Any CPU
		{C2869AD6-B378-4404-B662-CBA9CF67A12D}.Release|x86.Build.0 = Release|Any CPU
		{FAE0DF92-8751-4072-8AB7-6D8E824F1F03}.Debug|Any CPU.ActiveCfg = Debug|Any CPU
		{FAE0DF92-8751-4072-8AB7-6D8E824F1F03}.Debug|Any CPU.Build.0 = Debug|Any CPU
		{FAE0DF92-8751-4072-8AB7-6D8E824F1F03}.Debug|x86.ActiveCfg = Debug|Any CPU
		{FAE0DF92-8751-4072-8AB7-6D8E824F1F03}.Debug|x86.Build.0 = Debug|Any CPU
		{FAE0DF92-8751-4072-8AB7-6D8E824F1F03}.Release|Any CPU.ActiveCfg = Release|Any CPU
		{FAE0DF92-8751-4072-8AB7-6D8E824F1F03}.Release|Any CPU.Build.0 = Release|Any CPU
		{FAE0DF92-8751-4072-8AB7-6D8E824F1F03}.Release|x86.ActiveCfg = Release|Any CPU
		{FAE0DF92-8751-4072-8AB7-6D8E824F1F03}.Release|x86.Build.0 = Release|Any CPU
		{C8E78E6E-506D-495E-AD16-1BA31DC58DBC}.Debug|Any CPU.ActiveCfg = Debug|Any CPU
		{C8E78E6E-506D-495E-AD16-1BA31DC58DBC}.Debug|Any CPU.Build.0 = Debug|Any CPU
		{C8E78E6E-506D-495E-AD16-1BA31DC58DBC}.Debug|x86.ActiveCfg = Debug|Any CPU
		{C8E78E6E-506D-495E-AD16-1BA31DC58DBC}.Debug|x86.Build.0 = Debug|Any CPU
		{C8E78E6E-506D-495E-AD16-1BA31DC58DBC}.Release|Any CPU.ActiveCfg = Release|Any CPU
		{C8E78E6E-506D-495E-AD16-1BA31DC58DBC}.Release|Any CPU.Build.0 = Release|Any CPU
		{C8E78E6E-506D-495E-AD16-1BA31DC58DBC}.Release|x86.ActiveCfg = Release|Any CPU
		{C8E78E6E-506D-495E-AD16-1BA31DC58DBC}.Release|x86.Build.0 = Release|Any CPU
		{04F4836F-E406-4F0B-8A92-FF65F352DD01}.Debug|Any CPU.ActiveCfg = Debug|Any CPU
		{04F4836F-E406-4F0B-8A92-FF65F352DD01}.Debug|Any CPU.Build.0 = Debug|Any CPU
		{04F4836F-E406-4F0B-8A92-FF65F352DD01}.Debug|x86.ActiveCfg = Debug|Any CPU
		{04F4836F-E406-4F0B-8A92-FF65F352DD01}.Debug|x86.Build.0 = Debug|Any CPU
		{04F4836F-E406-4F0B-8A92-FF65F352DD01}.Release|Any CPU.ActiveCfg = Release|Any CPU
		{04F4836F-E406-4F0B-8A92-FF65F352DD01}.Release|Any CPU.Build.0 = Release|Any CPU
		{04F4836F-E406-4F0B-8A92-FF65F352DD01}.Release|x86.ActiveCfg = Release|Any CPU
		{04F4836F-E406-4F0B-8A92-FF65F352DD01}.Release|x86.Build.0 = Release|Any CPU
		{DD824012-17CD-4507-940E-8B45A05E6639}.Debug|Any CPU.ActiveCfg = Debug|Any CPU
		{DD824012-17CD-4507-940E-8B45A05E6639}.Debug|Any CPU.Build.0 = Debug|Any CPU
		{DD824012-17CD-4507-940E-8B45A05E6639}.Debug|x86.ActiveCfg = Debug|Any CPU
		{DD824012-17CD-4507-940E-8B45A05E6639}.Debug|x86.Build.0 = Debug|Any CPU
		{DD824012-17CD-4507-940E-8B45A05E6639}.Release|Any CPU.ActiveCfg = Release|Any CPU
		{DD824012-17CD-4507-940E-8B45A05E6639}.Release|Any CPU.Build.0 = Release|Any CPU
		{DD824012-17CD-4507-940E-8B45A05E6639}.Release|x86.ActiveCfg = Release|Any CPU
		{DD824012-17CD-4507-940E-8B45A05E6639}.Release|x86.Build.0 = Release|Any CPU
		{F9A6952E-C1BC-4185-8407-D1F59D62255D}.Debug|Any CPU.ActiveCfg = Debug|Any CPU
		{F9A6952E-C1BC-4185-8407-D1F59D62255D}.Debug|Any CPU.Build.0 = Debug|Any CPU
		{F9A6952E-C1BC-4185-8407-D1F59D62255D}.Debug|x86.ActiveCfg = Debug|Any CPU
		{F9A6952E-C1BC-4185-8407-D1F59D62255D}.Debug|x86.Build.0 = Debug|Any CPU
		{F9A6952E-C1BC-4185-8407-D1F59D62255D}.Release|Any CPU.ActiveCfg = Release|Any CPU
		{F9A6952E-C1BC-4185-8407-D1F59D62255D}.Release|Any CPU.Build.0 = Release|Any CPU
		{F9A6952E-C1BC-4185-8407-D1F59D62255D}.Release|x86.ActiveCfg = Release|Any CPU
		{F9A6952E-C1BC-4185-8407-D1F59D62255D}.Release|x86.Build.0 = Release|Any CPU
		{72623D05-B8DB-404E-81B3-17EF258579E0}.Debug|Any CPU.ActiveCfg = Debug|Any CPU
		{72623D05-B8DB-404E-81B3-17EF258579E0}.Debug|Any CPU.Build.0 = Debug|Any CPU
		{72623D05-B8DB-404E-81B3-17EF258579E0}.Debug|x86.ActiveCfg = Debug|Any CPU
		{72623D05-B8DB-404E-81B3-17EF258579E0}.Debug|x86.Build.0 = Debug|Any CPU
		{72623D05-B8DB-404E-81B3-17EF258579E0}.Release|Any CPU.ActiveCfg = Release|Any CPU
		{72623D05-B8DB-404E-81B3-17EF258579E0}.Release|Any CPU.Build.0 = Release|Any CPU
		{72623D05-B8DB-404E-81B3-17EF258579E0}.Release|x86.ActiveCfg = Release|Any CPU
		{72623D05-B8DB-404E-81B3-17EF258579E0}.Release|x86.Build.0 = Release|Any CPU
		{882D7D0B-5057-450D-9F23-FEA7773CBAE8}.Debug|Any CPU.ActiveCfg = Debug|Any CPU
		{882D7D0B-5057-450D-9F23-FEA7773CBAE8}.Debug|Any CPU.Build.0 = Debug|Any CPU
		{882D7D0B-5057-450D-9F23-FEA7773CBAE8}.Debug|x86.ActiveCfg = Debug|Any CPU
		{882D7D0B-5057-450D-9F23-FEA7773CBAE8}.Debug|x86.Build.0 = Debug|Any CPU
		{882D7D0B-5057-450D-9F23-FEA7773CBAE8}.Release|Any CPU.ActiveCfg = Release|Any CPU
		{882D7D0B-5057-450D-9F23-FEA7773CBAE8}.Release|Any CPU.Build.0 = Release|Any CPU
		{882D7D0B-5057-450D-9F23-FEA7773CBAE8}.Release|x86.ActiveCfg = Release|Any CPU
		{882D7D0B-5057-450D-9F23-FEA7773CBAE8}.Release|x86.Build.0 = Release|Any CPU
		{AFD62700-9250-48F1-85C0-F80249FED399}.Debug|Any CPU.ActiveCfg = Debug|Any CPU
		{AFD62700-9250-48F1-85C0-F80249FED399}.Debug|Any CPU.Build.0 = Debug|Any CPU
		{AFD62700-9250-48F1-85C0-F80249FED399}.Debug|x86.ActiveCfg = Debug|Any CPU
		{AFD62700-9250-48F1-85C0-F80249FED399}.Debug|x86.Build.0 = Debug|Any CPU
		{AFD62700-9250-48F1-85C0-F80249FED399}.Release|Any CPU.ActiveCfg = Release|Any CPU
		{AFD62700-9250-48F1-85C0-F80249FED399}.Release|Any CPU.Build.0 = Release|Any CPU
		{AFD62700-9250-48F1-85C0-F80249FED399}.Release|x86.ActiveCfg = Release|Any CPU
		{AFD62700-9250-48F1-85C0-F80249FED399}.Release|x86.Build.0 = Release|Any CPU
		{41ADBEE4-19F6-40F8-A10A-6BEB7DB842CF}.Debug|Any CPU.ActiveCfg = Debug|Any CPU
		{41ADBEE4-19F6-40F8-A10A-6BEB7DB842CF}.Debug|Any CPU.Build.0 = Debug|Any CPU
		{41ADBEE4-19F6-40F8-A10A-6BEB7DB842CF}.Debug|x86.ActiveCfg = Debug|Any CPU
		{41ADBEE4-19F6-40F8-A10A-6BEB7DB842CF}.Debug|x86.Build.0 = Debug|Any CPU
		{41ADBEE4-19F6-40F8-A10A-6BEB7DB842CF}.Release|Any CPU.ActiveCfg = Release|Any CPU
		{41ADBEE4-19F6-40F8-A10A-6BEB7DB842CF}.Release|Any CPU.Build.0 = Release|Any CPU
		{41ADBEE4-19F6-40F8-A10A-6BEB7DB842CF}.Release|x86.ActiveCfg = Release|Any CPU
		{41ADBEE4-19F6-40F8-A10A-6BEB7DB842CF}.Release|x86.Build.0 = Release|Any CPU
		{0F9B7C37-4FEA-4C6B-9CAA-ABCA77CCF60F}.Debug|Any CPU.ActiveCfg = Debug|Any CPU
		{0F9B7C37-4FEA-4C6B-9CAA-ABCA77CCF60F}.Debug|Any CPU.Build.0 = Debug|Any CPU
		{0F9B7C37-4FEA-4C6B-9CAA-ABCA77CCF60F}.Debug|x86.ActiveCfg = Debug|Any CPU
		{0F9B7C37-4FEA-4C6B-9CAA-ABCA77CCF60F}.Debug|x86.Build.0 = Debug|Any CPU
		{0F9B7C37-4FEA-4C6B-9CAA-ABCA77CCF60F}.Release|Any CPU.ActiveCfg = Release|Any CPU
		{0F9B7C37-4FEA-4C6B-9CAA-ABCA77CCF60F}.Release|Any CPU.Build.0 = Release|Any CPU
		{0F9B7C37-4FEA-4C6B-9CAA-ABCA77CCF60F}.Release|x86.ActiveCfg = Release|Any CPU
		{0F9B7C37-4FEA-4C6B-9CAA-ABCA77CCF60F}.Release|x86.Build.0 = Release|Any CPU
		{1CA317B0-D30D-494B-83A4-20FBBBE71E22}.Debug|Any CPU.ActiveCfg = Debug|Any CPU
		{1CA317B0-D30D-494B-83A4-20FBBBE71E22}.Debug|Any CPU.Build.0 = Debug|Any CPU
		{1CA317B0-D30D-494B-83A4-20FBBBE71E22}.Debug|x86.ActiveCfg = Debug|Any CPU
		{1CA317B0-D30D-494B-83A4-20FBBBE71E22}.Debug|x86.Build.0 = Debug|Any CPU
		{1CA317B0-D30D-494B-83A4-20FBBBE71E22}.Release|Any CPU.ActiveCfg = Release|Any CPU
		{1CA317B0-D30D-494B-83A4-20FBBBE71E22}.Release|Any CPU.Build.0 = Release|Any CPU
		{1CA317B0-D30D-494B-83A4-20FBBBE71E22}.Release|x86.ActiveCfg = Release|Any CPU
		{1CA317B0-D30D-494B-83A4-20FBBBE71E22}.Release|x86.Build.0 = Release|Any CPU
		{2B41E1CD-7D7B-4B56-9A54-3D46BD9C1330}.Debug|Any CPU.ActiveCfg = Debug|Any CPU
		{2B41E1CD-7D7B-4B56-9A54-3D46BD9C1330}.Debug|Any CPU.Build.0 = Debug|Any CPU
		{2B41E1CD-7D7B-4B56-9A54-3D46BD9C1330}.Debug|x86.ActiveCfg = Debug|Any CPU
		{2B41E1CD-7D7B-4B56-9A54-3D46BD9C1330}.Debug|x86.Build.0 = Debug|Any CPU
		{2B41E1CD-7D7B-4B56-9A54-3D46BD9C1330}.Release|Any CPU.ActiveCfg = Release|Any CPU
		{2B41E1CD-7D7B-4B56-9A54-3D46BD9C1330}.Release|Any CPU.Build.0 = Release|Any CPU
		{2B41E1CD-7D7B-4B56-9A54-3D46BD9C1330}.Release|x86.ActiveCfg = Release|Any CPU
		{2B41E1CD-7D7B-4B56-9A54-3D46BD9C1330}.Release|x86.Build.0 = Release|Any CPU
		{EB6C4B1F-FDA8-4BF9-96F2-62359E225D05}.Debug|Any CPU.ActiveCfg = Debug|Any CPU
		{EB6C4B1F-FDA8-4BF9-96F2-62359E225D05}.Debug|Any CPU.Build.0 = Debug|Any CPU
		{EB6C4B1F-FDA8-4BF9-96F2-62359E225D05}.Debug|x86.ActiveCfg = Debug|Any CPU
		{EB6C4B1F-FDA8-4BF9-96F2-62359E225D05}.Debug|x86.Build.0 = Debug|Any CPU
		{EB6C4B1F-FDA8-4BF9-96F2-62359E225D05}.Release|Any CPU.ActiveCfg = Release|Any CPU
		{EB6C4B1F-FDA8-4BF9-96F2-62359E225D05}.Release|Any CPU.Build.0 = Release|Any CPU
		{EB6C4B1F-FDA8-4BF9-96F2-62359E225D05}.Release|x86.ActiveCfg = Release|Any CPU
		{EB6C4B1F-FDA8-4BF9-96F2-62359E225D05}.Release|x86.Build.0 = Release|Any CPU
		{FBF22675-C762-48ED-AC55-82E5BDAABC76}.Debug|Any CPU.ActiveCfg = Debug|Any CPU
		{FBF22675-C762-48ED-AC55-82E5BDAABC76}.Debug|Any CPU.Build.0 = Debug|Any CPU
		{FBF22675-C762-48ED-AC55-82E5BDAABC76}.Debug|x86.ActiveCfg = Debug|Any CPU
		{FBF22675-C762-48ED-AC55-82E5BDAABC76}.Debug|x86.Build.0 = Debug|Any CPU
		{FBF22675-C762-48ED-AC55-82E5BDAABC76}.Release|Any CPU.ActiveCfg = Release|Any CPU
		{FBF22675-C762-48ED-AC55-82E5BDAABC76}.Release|Any CPU.Build.0 = Release|Any CPU
		{FBF22675-C762-48ED-AC55-82E5BDAABC76}.Release|x86.ActiveCfg = Release|Any CPU
		{FBF22675-C762-48ED-AC55-82E5BDAABC76}.Release|x86.Build.0 = Release|Any CPU
		{AF4672DA-4240-4814-931F-BDD93EF0F4F8}.Debug|Any CPU.ActiveCfg = Debug|Any CPU
		{AF4672DA-4240-4814-931F-BDD93EF0F4F8}.Debug|Any CPU.Build.0 = Debug|Any CPU
		{AF4672DA-4240-4814-931F-BDD93EF0F4F8}.Debug|x86.ActiveCfg = Debug|Any CPU
		{AF4672DA-4240-4814-931F-BDD93EF0F4F8}.Debug|x86.Build.0 = Debug|Any CPU
		{AF4672DA-4240-4814-931F-BDD93EF0F4F8}.Release|Any CPU.ActiveCfg = Release|Any CPU
		{AF4672DA-4240-4814-931F-BDD93EF0F4F8}.Release|Any CPU.Build.0 = Release|Any CPU
		{AF4672DA-4240-4814-931F-BDD93EF0F4F8}.Release|x86.ActiveCfg = Release|Any CPU
		{AF4672DA-4240-4814-931F-BDD93EF0F4F8}.Release|x86.Build.0 = Release|Any CPU
		{C1271ED6-7E6C-4025-A58F-29C062CD3BE2}.Debug|Any CPU.ActiveCfg = Debug|Any CPU
		{C1271ED6-7E6C-4025-A58F-29C062CD3BE2}.Debug|Any CPU.Build.0 = Debug|Any CPU
		{C1271ED6-7E6C-4025-A58F-29C062CD3BE2}.Debug|x86.ActiveCfg = Debug|Any CPU
		{C1271ED6-7E6C-4025-A58F-29C062CD3BE2}.Debug|x86.Build.0 = Debug|Any CPU
		{C1271ED6-7E6C-4025-A58F-29C062CD3BE2}.Release|Any CPU.ActiveCfg = Release|Any CPU
		{C1271ED6-7E6C-4025-A58F-29C062CD3BE2}.Release|Any CPU.Build.0 = Release|Any CPU
		{C1271ED6-7E6C-4025-A58F-29C062CD3BE2}.Release|x86.ActiveCfg = Release|Any CPU
		{C1271ED6-7E6C-4025-A58F-29C062CD3BE2}.Release|x86.Build.0 = Release|Any CPU
		{8E0569F8-4D63-404A-BAC8-F161C5AD40C3}.Debug|Any CPU.ActiveCfg = Debug|Any CPU
		{8E0569F8-4D63-404A-BAC8-F161C5AD40C3}.Debug|Any CPU.Build.0 = Debug|Any CPU
		{8E0569F8-4D63-404A-BAC8-F161C5AD40C3}.Debug|x86.ActiveCfg = Debug|Any CPU
		{8E0569F8-4D63-404A-BAC8-F161C5AD40C3}.Debug|x86.Build.0 = Debug|Any CPU
		{8E0569F8-4D63-404A-BAC8-F161C5AD40C3}.Release|Any CPU.ActiveCfg = Release|Any CPU
		{8E0569F8-4D63-404A-BAC8-F161C5AD40C3}.Release|Any CPU.Build.0 = Release|Any CPU
		{8E0569F8-4D63-404A-BAC8-F161C5AD40C3}.Release|x86.ActiveCfg = Release|Any CPU
		{8E0569F8-4D63-404A-BAC8-F161C5AD40C3}.Release|x86.Build.0 = Release|Any CPU
		{C94912A7-F843-4044-930D-C090FEA74C32}.Debug|Any CPU.ActiveCfg = Debug|Any CPU
		{C94912A7-F843-4044-930D-C090FEA74C32}.Debug|Any CPU.Build.0 = Debug|Any CPU
		{C94912A7-F843-4044-930D-C090FEA74C32}.Debug|x86.ActiveCfg = Debug|Any CPU
		{C94912A7-F843-4044-930D-C090FEA74C32}.Debug|x86.Build.0 = Debug|Any CPU
		{C94912A7-F843-4044-930D-C090FEA74C32}.Release|Any CPU.ActiveCfg = Release|Any CPU
		{C94912A7-F843-4044-930D-C090FEA74C32}.Release|Any CPU.Build.0 = Release|Any CPU
		{C94912A7-F843-4044-930D-C090FEA74C32}.Release|x86.ActiveCfg = Release|Any CPU
		{C94912A7-F843-4044-930D-C090FEA74C32}.Release|x86.Build.0 = Release|Any CPU
		{63810151-F10C-4345-A140-7D8855E8CA85}.Debug|Any CPU.ActiveCfg = Debug|Any CPU
		{63810151-F10C-4345-A140-7D8855E8CA85}.Debug|Any CPU.Build.0 = Debug|Any CPU
		{63810151-F10C-4345-A140-7D8855E8CA85}.Debug|x86.ActiveCfg = Debug|Any CPU
		{63810151-F10C-4345-A140-7D8855E8CA85}.Debug|x86.Build.0 = Debug|Any CPU
		{63810151-F10C-4345-A140-7D8855E8CA85}.Release|Any CPU.ActiveCfg = Release|Any CPU
		{63810151-F10C-4345-A140-7D8855E8CA85}.Release|Any CPU.Build.0 = Release|Any CPU
		{63810151-F10C-4345-A140-7D8855E8CA85}.Release|x86.ActiveCfg = Release|Any CPU
		{63810151-F10C-4345-A140-7D8855E8CA85}.Release|x86.Build.0 = Release|Any CPU
		{5B416339-0F74-4FD7-AD97-06188A8529CC}.Debug|Any CPU.ActiveCfg = Debug|Any CPU
		{5B416339-0F74-4FD7-AD97-06188A8529CC}.Debug|Any CPU.Build.0 = Debug|Any CPU
		{5B416339-0F74-4FD7-AD97-06188A8529CC}.Debug|x86.ActiveCfg = Debug|Any CPU
		{5B416339-0F74-4FD7-AD97-06188A8529CC}.Debug|x86.Build.0 = Debug|Any CPU
		{5B416339-0F74-4FD7-AD97-06188A8529CC}.Release|Any CPU.ActiveCfg = Release|Any CPU
		{5B416339-0F74-4FD7-AD97-06188A8529CC}.Release|Any CPU.Build.0 = Release|Any CPU
		{5B416339-0F74-4FD7-AD97-06188A8529CC}.Release|x86.ActiveCfg = Release|Any CPU
		{5B416339-0F74-4FD7-AD97-06188A8529CC}.Release|x86.Build.0 = Release|Any CPU
		{4A379C47-B3FA-4A94-B3F6-85E12FED8038}.Debug|Any CPU.ActiveCfg = Debug|Any CPU
		{4A379C47-B3FA-4A94-B3F6-85E12FED8038}.Debug|Any CPU.Build.0 = Debug|Any CPU
		{4A379C47-B3FA-4A94-B3F6-85E12FED8038}.Debug|x86.ActiveCfg = Debug|Any CPU
		{4A379C47-B3FA-4A94-B3F6-85E12FED8038}.Debug|x86.Build.0 = Debug|Any CPU
		{4A379C47-B3FA-4A94-B3F6-85E12FED8038}.Release|Any CPU.ActiveCfg = Release|Any CPU
		{4A379C47-B3FA-4A94-B3F6-85E12FED8038}.Release|Any CPU.Build.0 = Release|Any CPU
		{4A379C47-B3FA-4A94-B3F6-85E12FED8038}.Release|x86.ActiveCfg = Release|Any CPU
		{4A379C47-B3FA-4A94-B3F6-85E12FED8038}.Release|x86.Build.0 = Release|Any CPU
		{83ABDBBF-5810-4803-A20F-53D518B1FAF5}.Debug|Any CPU.ActiveCfg = Debug|Any CPU
		{83ABDBBF-5810-4803-A20F-53D518B1FAF5}.Debug|Any CPU.Build.0 = Debug|Any CPU
		{83ABDBBF-5810-4803-A20F-53D518B1FAF5}.Debug|x86.ActiveCfg = Debug|Any CPU
		{83ABDBBF-5810-4803-A20F-53D518B1FAF5}.Debug|x86.Build.0 = Debug|Any CPU
		{83ABDBBF-5810-4803-A20F-53D518B1FAF5}.Release|Any CPU.ActiveCfg = Release|Any CPU
		{83ABDBBF-5810-4803-A20F-53D518B1FAF5}.Release|Any CPU.Build.0 = Release|Any CPU
		{83ABDBBF-5810-4803-A20F-53D518B1FAF5}.Release|x86.ActiveCfg = Release|Any CPU
		{83ABDBBF-5810-4803-A20F-53D518B1FAF5}.Release|x86.Build.0 = Release|Any CPU
		{1F9D5AA6-BBE5-4BCF-9C8D-6CC3AFD02601}.Debug|Any CPU.ActiveCfg = Debug|Any CPU
		{1F9D5AA6-BBE5-4BCF-9C8D-6CC3AFD02601}.Debug|Any CPU.Build.0 = Debug|Any CPU
		{1F9D5AA6-BBE5-4BCF-9C8D-6CC3AFD02601}.Debug|x86.ActiveCfg = Debug|Any CPU
		{1F9D5AA6-BBE5-4BCF-9C8D-6CC3AFD02601}.Debug|x86.Build.0 = Debug|Any CPU
		{1F9D5AA6-BBE5-4BCF-9C8D-6CC3AFD02601}.Release|Any CPU.ActiveCfg = Release|Any CPU
		{1F9D5AA6-BBE5-4BCF-9C8D-6CC3AFD02601}.Release|Any CPU.Build.0 = Release|Any CPU
		{1F9D5AA6-BBE5-4BCF-9C8D-6CC3AFD02601}.Release|x86.ActiveCfg = Release|Any CPU
		{1F9D5AA6-BBE5-4BCF-9C8D-6CC3AFD02601}.Release|x86.Build.0 = Release|Any CPU
	EndGlobalSection
	GlobalSection(SolutionProperties) = preSolution
		HideSolutionNode = FALSE
	EndGlobalSection
	GlobalSection(NestedProjects) = preSolution
		{BA22EE1E-C853-40B1-A5C1-ED2B10300AC8} = {80F125E3-530E-4F23-A50F-15C72F977220}
		{E7F49976-76A5-4767-80D6-2B8B9F309541} = {80F125E3-530E-4F23-A50F-15C72F977220}
		{C9CE0678-929B-44C8-B511-32007FC6510B} = {80F125E3-530E-4F23-A50F-15C72F977220}
		{C9A8BE0F-96F3-4369-B4BA-8B400352B0BA} = {80F125E3-530E-4F23-A50F-15C72F977220}
		{C2869AD6-B378-4404-B662-CBA9CF67A12D} = {80F125E3-530E-4F23-A50F-15C72F977220}
		{FAE0DF92-8751-4072-8AB7-6D8E824F1F03} = {C9917253-3478-4BF5-8442-71CA41787CE0}
		{C8E78E6E-506D-495E-AD16-1BA31DC58DBC} = {09B539CE-090C-4F38-8D17-68074D583F8A}
		{04F4836F-E406-4F0B-8A92-FF65F352DD01} = {486E31B1-5508-40AA-8785-FBF06824CC24}
		{DD824012-17CD-4507-940E-8B45A05E6639} = {2D29EE0E-AB18-4E3A-869C-0463AAA86041}
		{613B008F-4FB1-4725-A40A-8DFCD8784C52} = {523BA48E-1F68-4439-96B3-142AC15B2F31}
		{87005D41-07C8-4F0B-B3D6-D01C961D1993} = {523BA48E-1F68-4439-96B3-142AC15B2F31}
		{286D8441-8F19-401D-B1EB-CBB6A62A5DE6} = {523BA48E-1F68-4439-96B3-142AC15B2F31}
		{2D65933A-4E1B-42CA-9C9C-DC6E9CB49A72} = {523BA48E-1F68-4439-96B3-142AC15B2F31}
		{80F125E3-530E-4F23-A50F-15C72F977220} = {E49433A0-ED8C-4949-9FFB-F05B5AF5EE4E}
		{C9917253-3478-4BF5-8442-71CA41787CE0} = {E49433A0-ED8C-4949-9FFB-F05B5AF5EE4E}
		{A5F1D2C0-2C8F-4989-BF5E-81B9C858EDC3} = {E49433A0-ED8C-4949-9FFB-F05B5AF5EE4E}
		{486E31B1-5508-40AA-8785-FBF06824CC24} = {A5F1D2C0-2C8F-4989-BF5E-81B9C858EDC3}
		{09B539CE-090C-4F38-8D17-68074D583F8A} = {A5F1D2C0-2C8F-4989-BF5E-81B9C858EDC3}
		{2D29EE0E-AB18-4E3A-869C-0463AAA86041} = {A5F1D2C0-2C8F-4989-BF5E-81B9C858EDC3}
		{AA40D84D-AA52-4886-9C94-4F83169D53C0} = {613B008F-4FB1-4725-A40A-8DFCD8784C52}
		{9FD68FD4-B6D1-41AE-8CBD-8DA7134E815B} = {286D8441-8F19-401D-B1EB-CBB6A62A5DE6}
		{F9A6952E-C1BC-4185-8407-D1F59D62255D} = {87005D41-07C8-4F0B-B3D6-D01C961D1993}
		{72623D05-B8DB-404E-81B3-17EF258579E0} = {2D65933A-4E1B-42CA-9C9C-DC6E9CB49A72}
		{882D7D0B-5057-450D-9F23-FEA7773CBAE8} = {2D65933A-4E1B-42CA-9C9C-DC6E9CB49A72}
		{AFD62700-9250-48F1-85C0-F80249FED399} = {AA40D84D-AA52-4886-9C94-4F83169D53C0}
		{41ADBEE4-19F6-40F8-A10A-6BEB7DB842CF} = {AA40D84D-AA52-4886-9C94-4F83169D53C0}
		{0F9B7C37-4FEA-4C6B-9CAA-ABCA77CCF60F} = {AA40D84D-AA52-4886-9C94-4F83169D53C0}
		{1CA317B0-D30D-494B-83A4-20FBBBE71E22} = {9FD68FD4-B6D1-41AE-8CBD-8DA7134E815B}
		{2B41E1CD-7D7B-4B56-9A54-3D46BD9C1330} = {9FD68FD4-B6D1-41AE-8CBD-8DA7134E815B}
		{EB6C4B1F-FDA8-4BF9-96F2-62359E225D05} = {9FD68FD4-B6D1-41AE-8CBD-8DA7134E815B}
		{FBF22675-C762-48ED-AC55-82E5BDAABC76} = {C9917253-3478-4BF5-8442-71CA41787CE0}
		{AF4672DA-4240-4814-931F-BDD93EF0F4F8} = {C9917253-3478-4BF5-8442-71CA41787CE0}
		{C1271ED6-7E6C-4025-A58F-29C062CD3BE2} = {A5F1D2C0-2C8F-4989-BF5E-81B9C858EDC3}
		{8E0569F8-4D63-404A-BAC8-F161C5AD40C3} = {A5F1D2C0-2C8F-4989-BF5E-81B9C858EDC3}
		{C94912A7-F843-4044-930D-C090FEA74C32} = {486E31B1-5508-40AA-8785-FBF06824CC24}
		{63810151-F10C-4345-A140-7D8855E8CA85} = {2D29EE0E-AB18-4E3A-869C-0463AAA86041}
		{5B416339-0F74-4FD7-AD97-06188A8529CC} = {09B539CE-090C-4F38-8D17-68074D583F8A}
		{4A379C47-B3FA-4A94-B3F6-85E12FED8038} = {09B539CE-090C-4F38-8D17-68074D583F8A}
		{83ABDBBF-5810-4803-A20F-53D518B1FAF5} = {C9917253-3478-4BF5-8442-71CA41787CE0}
		{1F9D5AA6-BBE5-4BCF-9C8D-6CC3AFD02601} = {C9917253-3478-4BF5-8442-71CA41787CE0}
	EndGlobalSection
EndGlobal
