
Microsoft Visual Studio Solution File, Format Version 12.00
# Visual Studio 14
VisualStudioVersion = 14.0.25420.1
MinimumVisualStudioVersion = 10.0.40219.1
Project("{2150E333-8FDC-42A3-9474-1A3956D46DE8}") = "- Solution Items", "- Solution Items", "{2A25D653-49BE-4398-86D9-9A55534B52A8}"
	ProjectSection(SolutionItems) = preProject
		CaliburnMicro\License-MvvmFx.CaliburnMicro.txt = CaliburnMicro\License-MvvmFx.CaliburnMicro.txt
		Logging\License-MvvmFx.Logging.txt = Logging\License-MvvmFx.Logging.txt
		Binding\License-MvvmFx.Windows.txt = Binding\License-MvvmFx.Windows.txt
		Binding\License-WindowsBase.txt = Binding\License-WindowsBase.txt
		Migrated rules for MvvmFx.Windows.ruleset = Migrated rules for MvvmFx.Windows.ruleset
	EndProjectSection
EndProject
Project("{2150E333-8FDC-42A3-9474-1A3956D46DE8}") = "BoundControls", "BoundControls", "{A6477ED5-57B4-44DF-83EF-74F68E6AB12A}"
EndProject
Project("{FAE04EC0-301F-11D3-BF4B-00C04F79EFBC}") = "MvvmFx.Windows.Forms.Net45", "BoundControls\MvvmFx.Windows.Forms.Net45\MvvmFx.Windows.Forms.Net45.csproj", "{440EDE1A-73C2-4A82-B2CE-9DDCA8D99C36}"
EndProject
Project("{FAE04EC0-301F-11D3-BF4B-00C04F79EFBC}") = "MvvmFx.Windows.Forms.Net46", "BoundControls\MvvmFx.Windows.Forms.Net46\MvvmFx.Windows.Forms.Net46.csproj", "{ED342C71-5D03-42E2-A7C2-EFE6AB375627}"
EndProject
Project("{FAE04EC0-301F-11D3-BF4B-00C04F79EFBC}") = "MvvmFx.WisejWeb.Net45", "BoundControls\MvvmFx.WisejWeb.Net45\MvvmFx.WisejWeb.Net45.csproj", "{F9A6952E-C1BC-4185-8407-D1F59D62255D}"
EndProject
Project("{2150E333-8FDC-42A3-9474-1A3956D46DE8}") = "CaliburnMicro modules", "CaliburnMicro modules", "{8E13ED9D-5BB2-4839-80E4-FF32180DFBB3}"
	ProjectSection(SolutionItems) = preProject
		CaliburnMicro\Author.txt = CaliburnMicro\Author.txt
	EndProjectSection
EndProject
Project("{2150E333-8FDC-42A3-9474-1A3956D46DE8}") = "CaliburnMicro", "CaliburnMicro", "{B00B3DE6-78E3-4E7B-937B-6922DED2AB53}"
EndProject
Project("{FAE04EC0-301F-11D3-BF4B-00C04F79EFBC}") = "CaliburnMicro.WinForms.Net45", "CaliburnMicro\CaliburnMicro.WinForms.Net45\CaliburnMicro.WinForms.Net45.csproj", "{8A70916C-7D79-4539-A4E4-178FBB66C703}"
EndProject
Project("{FAE04EC0-301F-11D3-BF4B-00C04F79EFBC}") = "CaliburnMicro.WinForms.Net46", "CaliburnMicro\CaliburnMicro.WinForms.Net46\CaliburnMicro.WinForms.Net46.csproj", "{A099FD9B-602B-4EB9-ADCD-F91FA8B5F72C}"
EndProject
Project("{2150E333-8FDC-42A3-9474-1A3956D46DE8}") = "CaliburnMicro.Csla", "CaliburnMicro.Csla", "{5550A5C1-5DF0-4DBF-A535-CE373283D6AD}"
EndProject
Project("{FAE04EC0-301F-11D3-BF4B-00C04F79EFBC}") = "CaliburnMicro.Csla.WinForms.Net45", "CaliburnMicro\CaliburnMicro.Csla.WinForms.Net45\CaliburnMicro.Csla.WinForms.Net45.csproj", "{C33059D8-0DA0-4B21-81A4-62994D1DF0AB}"
EndProject
Project("{FAE04EC0-301F-11D3-BF4B-00C04F79EFBC}") = "CaliburnMicro.Csla.WinForms.Net46", "CaliburnMicro\CaliburnMicro.Csla.WinForms.Net46\CaliburnMicro.Csla.WinForms.Net46.csproj", "{228097E8-A63C-4932-98E5-7B245E4765D4}"
EndProject
Project("{2150E333-8FDC-42A3-9474-1A3956D46DE8}") = "CaliburnMicro.DialogExtensions", "CaliburnMicro.DialogExtensions", "{EDD86422-E5E5-4C31-9A1C-9F8C1E04F667}"
EndProject
Project("{FAE04EC0-301F-11D3-BF4B-00C04F79EFBC}") = "CaliburnMicro.DialogExtensions.WinForms.Net45", "CaliburnMicro\CaliburnMicro.DialogExtensions.WinForms.Net45\CaliburnMicro.DialogExtensions.WinForms.Net45.csproj", "{33535861-72AD-448D-96C8-549FA64AED93}"
EndProject
Project("{FAE04EC0-301F-11D3-BF4B-00C04F79EFBC}") = "CaliburnMicro.DialogExtensions.WinForms.Net46", "CaliburnMicro\CaliburnMicro.DialogExtensions.WinForms.Net46\CaliburnMicro.DialogExtensions.WinForms.Net46.csproj", "{41A970B6-96BC-40F1-B830-3C03F90BC353}"
EndProject
Project("{2150E333-8FDC-42A3-9474-1A3956D46DE8}") = "Simple DataBinding", "Simple DataBinding", "{4C2A5093-BD15-4687-868A-BF1E738B308A}"
EndProject
Project("{FAE04EC0-301F-11D3-BF4B-00C04F79EFBC}") = "MvvmFx.DataBinding.WinForms.Net45", "Binding\MvvmFx.DataBinding.WinForms.Net45\MvvmFx.DataBinding.WinForms.Net45.csproj", "{ADF8E550-012C-467D-99D8-E44F3F352A9D}"
EndProject
Project("{FAE04EC0-301F-11D3-BF4B-00C04F79EFBC}") = "MvvmFx.DataBinding.WinForms.Net46", "Binding\MvvmFx.DataBinding.WinForms.Net46\MvvmFx.DataBinding.WinForms.Net46.csproj", "{1501BF1F-0406-411F-A47B-446B9989CD91}"
EndProject
Project("{FAE04EC0-301F-11D3-BF4B-00C04F79EFBC}") = "MvvmFx.DataBinding.WisejWeb.Net45", "Binding\MvvmFx.DataBinding.WisejWeb.Net45\MvvmFx.DataBinding.WisejWeb.Net45.csproj", "{41ADBEE4-19F6-40F8-A10A-6BEB7DB842CF}"
EndProject
Project("{2150E333-8FDC-42A3-9474-1A3956D46DE8}") = "Logging", "Logging", "{57E1B516-B788-4D0F-8B69-D6F9193022CC}"
EndProject
Project("{FAE04EC0-301F-11D3-BF4B-00C04F79EFBC}") = "MvvmFx.Log4netLogger.Net45", "Logging\MvvmFx.Log4netLogger.Net45\MvvmFx.Log4netLogger.Net45.csproj", "{627C1829-0234-4C87-9683-8495B95F610B}"
EndProject
Project("{FAE04EC0-301F-11D3-BF4B-00C04F79EFBC}") = "MvvmFx.Log4netLogger.Net46", "Logging\MvvmFx.Log4netLogger.Net46\MvvmFx.Log4netLogger.Net46.csproj", "{66C0CCE3-ED7A-4DD9-9E8F-5C26A5C5DC75}"
EndProject
Project("{FAE04EC0-301F-11D3-BF4B-00C04F79EFBC}") = "MvvmFx.Logging.Net45", "Logging\MvvmFx.Logging.Net45\MvvmFx.Logging.Net45.csproj", "{72623D05-B8DB-404E-81B3-17EF258579E0}"
EndProject
Project("{FAE04EC0-301F-11D3-BF4B-00C04F79EFBC}") = "MvvmFx.Logging.Net46", "Logging\MvvmFx.Logging.Net46\MvvmFx.Logging.Net46.csproj", "{4DC5F78F-8EC1-43CE-8A29-2A24FDDB15F7}"
EndProject
Project("{FAE04EC0-301F-11D3-BF4B-00C04F79EFBC}") = "MvvmFx.NLogLogger.Net45", "Logging\MvvmFx.NLogLogger.Net45\MvvmFx.NLogLogger.Net45.csproj", "{882D7D0B-5057-450D-9F23-FEA7773CBAE8}"
EndProject
Project("{FAE04EC0-301F-11D3-BF4B-00C04F79EFBC}") = "MvvmFx.NLogLogger.Net46", "Logging\MvvmFx.NLogLogger.Net46\MvvmFx.NLogLogger.Net46.csproj", "{D404AFA8-83C5-4B73-8A85-D3748804CAC4}"
EndProject
Project("{2150E333-8FDC-42A3-9474-1A3956D46DE8}") = "Binding", "Binding", "{E42CF99B-03F2-45B8-8484-85A27F03F6B1}"
EndProject
Project("{2150E333-8FDC-42A3-9474-1A3956D46DE8}") = "Binding Library", "Binding Library", "{4F1E6DF7-BD30-4470-B968-B998ED777B8F}"
EndProject
Project("{FAE04EC0-301F-11D3-BF4B-00C04F79EFBC}") = "MvvmFx.Windows.Net45", "Binding\MvvmFx.Windows.Net45\MvvmFx.Windows.Net45.csproj", "{2728C8A9-7304-46F3-8A93-F0A53D91BF21}"
EndProject
Project("{FAE04EC0-301F-11D3-BF4B-00C04F79EFBC}") = "MvvmFx.Windows.Net46", "Binding\MvvmFx.Windows.Net46\MvvmFx.Windows.Net46.csproj", "{9BB1AB21-B9A3-4066-A591-4E364217143C}"
EndProject
Project("{FAE04EC0-301F-11D3-BF4B-00C04F79EFBC}") = "MvvmFx.Windows.Specifications.Net45", "Binding\MvvmFx.Windows.Specifications.Net45\MvvmFx.Windows.Specifications.Net45.csproj", "{19C51D9F-FAFA-44CA-B36A-423E77E0EE60}"
EndProject
Project("{FAE04EC0-301F-11D3-BF4B-00C04F79EFBC}") = "MvvmFx.Windows.Specifications.Net46", "Binding\MvvmFx.Windows.Specifications.Net46\MvvmFx.Windows.Specifications.Net46.csproj", "{4F4FE888-7A90-405B-9805-7069F1B44E39}"
EndProject
Project("{FAE04EC0-301F-11D3-BF4B-00C04F79EFBC}") = "MvvmFx.Windows.WinForms.Net45", "Binding\MvvmFx.Windows.WinForms.Net45\MvvmFx.Windows.WinForms.Net45.csproj", "{033DD80D-AD51-4AA2-87F1-DCFD3131A08E}"
EndProject
Project("{FAE04EC0-301F-11D3-BF4B-00C04F79EFBC}") = "MvvmFx.Windows.WinForms.Net46", "Binding\MvvmFx.Windows.WinForms.Net46\MvvmFx.Windows.WinForms.Net46.csproj", "{1136F6D7-1EAC-4C0F-BE68-6EC6A9168F51}"
EndProject
Project("{FAE04EC0-301F-11D3-BF4B-00C04F79EFBC}") = "MvvmFx.Windows.WPF.Net45", "Binding\MvvmFx.Windows.WPF.Net45\MvvmFx.Windows.WPF.Net45.csproj", "{6A8FF0B3-3B49-4FEE-8DE6-374F8EFE2A7E}"
EndProject
Project("{FAE04EC0-301F-11D3-BF4B-00C04F79EFBC}") = "MvvmFx.Windows.WPF.Net46", "Binding\MvvmFx.Windows.WPF.Net46\MvvmFx.Windows.WPF.Net46.csproj", "{8910D648-8194-474A-8EBA-F911E3DFECB3}"
EndProject
Project("{2150E333-8FDC-42A3-9474-1A3956D46DE8}") = "WindowBase", "WindowBase", "{A23B439B-8BA2-430A-ADAA-53ED6FA0B247}"
EndProject
Project("{FAE04EC0-301F-11D3-BF4B-00C04F79EFBC}") = "WindowsBase.WinForms.Net45", "Binding\WindowsBase.WinForms.Net45\WindowsBase.WinForms.Net45.csproj", "{33290B49-5D4B-47F3-8C03-D203595C9F12}"
EndProject
Project("{FAE04EC0-301F-11D3-BF4B-00C04F79EFBC}") = "WindowsBase.WinForms.Net46", "Binding\WindowsBase.WinForms.Net46\WindowsBase.WinForms.Net46.csproj", "{860EADF8-894F-43C5-93CD-E75C5A8CBBE4}"
EndProject
Project("{FAE04EC0-301F-11D3-BF4B-00C04F79EFBC}") = "WindowsBase.WisejWeb.Net45", "Binding\WindowsBase.WisejWeb.Net45\WindowsBase.WisejWeb.Net45.csproj", "{AFD62700-9250-48F1-85C0-F80249FED399}"
EndProject
Project("{FAE04EC0-301F-11D3-BF4B-00C04F79EFBC}") = "MvvmFx.Windows.WisejWeb.Net45", "Binding\MvvmFx.Windows.WisejWeb.Net45\MvvmFx.Windows.WisejWeb.Net45.csproj", "{0F9B7C37-4FEA-4C6B-9CAA-ABCA77CCF60F}"
EndProject
Project("{FAE04EC0-301F-11D3-BF4B-00C04F79EFBC}") = "CaliburnMicro.Csla.WisejWeb.Net45", "CaliburnMicro\CaliburnMicro.Csla.WisejWeb.Net45\CaliburnMicro.Csla.WisejWeb.Net45.csproj", "{2B41E1CD-7D7B-4B56-9A54-3D46BD9C1330}"
EndProject
Project("{FAE04EC0-301F-11D3-BF4B-00C04F79EFBC}") = "CaliburnMicro.DialogExtensions.WisejWeb.Net45", "CaliburnMicro\CaliburnMicro.DialogExtensions.WisejWeb.Net45\CaliburnMicro.DialogExtensions.WisejWeb.Net45.csproj", "{EB6C4B1F-FDA8-4BF9-96F2-62359E225D05}"
EndProject
Project("{FAE04EC0-301F-11D3-BF4B-00C04F79EFBC}") = "CaliburnMicro.WisejWeb.Net45", "CaliburnMicro\CaliburnMicro.WisejWeb.Net45\CaliburnMicro.WisejWeb.Net45.csproj", "{1CA317B0-D30D-494B-83A4-20FBBBE71E22}"
EndProject
Project("{FAE04EC0-301F-11D3-BF4B-00C04F79EFBC}") = "MvvmFx.WisejWeb.PanelEx.Net45", "BoundControls\MvvmFx.WisejWeb.PanelEx.Net45\MvvmFx.WisejWeb.PanelEx.Net45.csproj", "{6AF83139-1E69-4EEB-8A4C-C8D4730DB454}"
EndProject
Project("{FAE04EC0-301F-11D3-BF4B-00C04F79EFBC}") = "CaliburnMicro.WisejWeb.PanelEx.Net45", "CaliburnMicro\CaliburnMicro.WisejWeb.PanelEx.Net45\CaliburnMicro.WisejWeb.PanelEx.Net45.csproj", "{0F434091-C0B8-4389-A0E6-C05ABBD681EB}"
EndProject
Global
	GlobalSection(SolutionConfigurationPlatforms) = preSolution
		Debug|Any CPU = Debug|Any CPU
		Debug|Mixed Platforms = Debug|Mixed Platforms
		Debug|x86 = Debug|x86
		Release|Any CPU = Release|Any CPU
		Release|Mixed Platforms = Release|Mixed Platforms
		Release|x86 = Release|x86
	EndGlobalSection
	GlobalSection(ProjectConfigurationPlatforms) = postSolution
		{440EDE1A-73C2-4A82-B2CE-9DDCA8D99C36}.Debug|Any CPU.ActiveCfg = Debug|Any CPU
		{440EDE1A-73C2-4A82-B2CE-9DDCA8D99C36}.Debug|Any CPU.Build.0 = Debug|Any CPU
		{440EDE1A-73C2-4A82-B2CE-9DDCA8D99C36}.Debug|Mixed Platforms.ActiveCfg = Debug|Any CPU
		{440EDE1A-73C2-4A82-B2CE-9DDCA8D99C36}.Debug|Mixed Platforms.Build.0 = Debug|Any CPU
		{440EDE1A-73C2-4A82-B2CE-9DDCA8D99C36}.Debug|x86.ActiveCfg = Debug|Any CPU
		{440EDE1A-73C2-4A82-B2CE-9DDCA8D99C36}.Release|Any CPU.ActiveCfg = Release|Any CPU
		{440EDE1A-73C2-4A82-B2CE-9DDCA8D99C36}.Release|Any CPU.Build.0 = Release|Any CPU
		{440EDE1A-73C2-4A82-B2CE-9DDCA8D99C36}.Release|Mixed Platforms.ActiveCfg = Release|Any CPU
		{440EDE1A-73C2-4A82-B2CE-9DDCA8D99C36}.Release|Mixed Platforms.Build.0 = Release|Any CPU
		{440EDE1A-73C2-4A82-B2CE-9DDCA8D99C36}.Release|x86.ActiveCfg = Release|Any CPU
		{ED342C71-5D03-42E2-A7C2-EFE6AB375627}.Debug|Any CPU.ActiveCfg = Debug|Any CPU
		{ED342C71-5D03-42E2-A7C2-EFE6AB375627}.Debug|Any CPU.Build.0 = Debug|Any CPU
		{ED342C71-5D03-42E2-A7C2-EFE6AB375627}.Debug|Mixed Platforms.ActiveCfg = Debug|Any CPU
		{ED342C71-5D03-42E2-A7C2-EFE6AB375627}.Debug|Mixed Platforms.Build.0 = Debug|Any CPU
		{ED342C71-5D03-42E2-A7C2-EFE6AB375627}.Debug|x86.ActiveCfg = Debug|Any CPU
		{ED342C71-5D03-42E2-A7C2-EFE6AB375627}.Release|Any CPU.ActiveCfg = Release|Any CPU
		{ED342C71-5D03-42E2-A7C2-EFE6AB375627}.Release|Any CPU.Build.0 = Release|Any CPU
		{ED342C71-5D03-42E2-A7C2-EFE6AB375627}.Release|Mixed Platforms.ActiveCfg = Release|Any CPU
		{ED342C71-5D03-42E2-A7C2-EFE6AB375627}.Release|Mixed Platforms.Build.0 = Release|Any CPU
		{ED342C71-5D03-42E2-A7C2-EFE6AB375627}.Release|x86.ActiveCfg = Release|Any CPU
		{F9A6952E-C1BC-4185-8407-D1F59D62255D}.Debug|Any CPU.ActiveCfg = Debug|Any CPU
		{F9A6952E-C1BC-4185-8407-D1F59D62255D}.Debug|Any CPU.Build.0 = Debug|Any CPU
		{F9A6952E-C1BC-4185-8407-D1F59D62255D}.Debug|Mixed Platforms.ActiveCfg = Debug|Any CPU
		{F9A6952E-C1BC-4185-8407-D1F59D62255D}.Debug|Mixed Platforms.Build.0 = Debug|Any CPU
		{F9A6952E-C1BC-4185-8407-D1F59D62255D}.Debug|x86.ActiveCfg = Debug|Any CPU
		{F9A6952E-C1BC-4185-8407-D1F59D62255D}.Debug|x86.Build.0 = Debug|Any CPU
		{F9A6952E-C1BC-4185-8407-D1F59D62255D}.Release|Any CPU.ActiveCfg = Release|Any CPU
		{F9A6952E-C1BC-4185-8407-D1F59D62255D}.Release|Any CPU.Build.0 = Release|Any CPU
		{F9A6952E-C1BC-4185-8407-D1F59D62255D}.Release|Mixed Platforms.ActiveCfg = Release|Any CPU
		{F9A6952E-C1BC-4185-8407-D1F59D62255D}.Release|Mixed Platforms.Build.0 = Release|Any CPU
		{F9A6952E-C1BC-4185-8407-D1F59D62255D}.Release|x86.ActiveCfg = Release|Any CPU
		{F9A6952E-C1BC-4185-8407-D1F59D62255D}.Release|x86.Build.0 = Release|Any CPU
		{8A70916C-7D79-4539-A4E4-178FBB66C703}.Debug|Any CPU.ActiveCfg = Debug|Any CPU
		{8A70916C-7D79-4539-A4E4-178FBB66C703}.Debug|Any CPU.Build.0 = Debug|Any CPU
		{8A70916C-7D79-4539-A4E4-178FBB66C703}.Debug|Mixed Platforms.ActiveCfg = Debug|Any CPU
		{8A70916C-7D79-4539-A4E4-178FBB66C703}.Debug|Mixed Platforms.Build.0 = Debug|Any CPU
		{8A70916C-7D79-4539-A4E4-178FBB66C703}.Debug|x86.ActiveCfg = Debug|Any CPU
		{8A70916C-7D79-4539-A4E4-178FBB66C703}.Release|Any CPU.ActiveCfg = Release|Any CPU
		{8A70916C-7D79-4539-A4E4-178FBB66C703}.Release|Any CPU.Build.0 = Release|Any CPU
		{8A70916C-7D79-4539-A4E4-178FBB66C703}.Release|Mixed Platforms.ActiveCfg = Release|Any CPU
		{8A70916C-7D79-4539-A4E4-178FBB66C703}.Release|Mixed Platforms.Build.0 = Release|Any CPU
		{8A70916C-7D79-4539-A4E4-178FBB66C703}.Release|x86.ActiveCfg = Release|Any CPU
		{A099FD9B-602B-4EB9-ADCD-F91FA8B5F72C}.Debug|Any CPU.ActiveCfg = Debug|Any CPU
		{A099FD9B-602B-4EB9-ADCD-F91FA8B5F72C}.Debug|Any CPU.Build.0 = Debug|Any CPU
		{A099FD9B-602B-4EB9-ADCD-F91FA8B5F72C}.Debug|Mixed Platforms.ActiveCfg = Debug|Any CPU
		{A099FD9B-602B-4EB9-ADCD-F91FA8B5F72C}.Debug|Mixed Platforms.Build.0 = Debug|Any CPU
		{A099FD9B-602B-4EB9-ADCD-F91FA8B5F72C}.Debug|x86.ActiveCfg = Debug|Any CPU
		{A099FD9B-602B-4EB9-ADCD-F91FA8B5F72C}.Release|Any CPU.ActiveCfg = Release|Any CPU
		{A099FD9B-602B-4EB9-ADCD-F91FA8B5F72C}.Release|Any CPU.Build.0 = Release|Any CPU
		{A099FD9B-602B-4EB9-ADCD-F91FA8B5F72C}.Release|Mixed Platforms.ActiveCfg = Release|Any CPU
		{A099FD9B-602B-4EB9-ADCD-F91FA8B5F72C}.Release|Mixed Platforms.Build.0 = Release|Any CPU
		{A099FD9B-602B-4EB9-ADCD-F91FA8B5F72C}.Release|x86.ActiveCfg = Release|Any CPU
		{C33059D8-0DA0-4B21-81A4-62994D1DF0AB}.Debug|Any CPU.ActiveCfg = Debug|Any CPU
		{C33059D8-0DA0-4B21-81A4-62994D1DF0AB}.Debug|Any CPU.Build.0 = Debug|Any CPU
		{C33059D8-0DA0-4B21-81A4-62994D1DF0AB}.Debug|Mixed Platforms.ActiveCfg = Debug|Any CPU
		{C33059D8-0DA0-4B21-81A4-62994D1DF0AB}.Debug|Mixed Platforms.Build.0 = Debug|Any CPU
		{C33059D8-0DA0-4B21-81A4-62994D1DF0AB}.Debug|x86.ActiveCfg = Debug|Any CPU
		{C33059D8-0DA0-4B21-81A4-62994D1DF0AB}.Release|Any CPU.ActiveCfg = Release|Any CPU
		{C33059D8-0DA0-4B21-81A4-62994D1DF0AB}.Release|Any CPU.Build.0 = Release|Any CPU
		{C33059D8-0DA0-4B21-81A4-62994D1DF0AB}.Release|Mixed Platforms.ActiveCfg = Release|Any CPU
		{C33059D8-0DA0-4B21-81A4-62994D1DF0AB}.Release|Mixed Platforms.Build.0 = Release|Any CPU
		{C33059D8-0DA0-4B21-81A4-62994D1DF0AB}.Release|x86.ActiveCfg = Release|Any CPU
		{228097E8-A63C-4932-98E5-7B245E4765D4}.Debug|Any CPU.ActiveCfg = Debug|Any CPU
		{228097E8-A63C-4932-98E5-7B245E4765D4}.Debug|Any CPU.Build.0 = Debug|Any CPU
		{228097E8-A63C-4932-98E5-7B245E4765D4}.Debug|Mixed Platforms.ActiveCfg = Debug|Any CPU
		{228097E8-A63C-4932-98E5-7B245E4765D4}.Debug|Mixed Platforms.Build.0 = Debug|Any CPU
		{228097E8-A63C-4932-98E5-7B245E4765D4}.Debug|x86.ActiveCfg = Debug|Any CPU
		{228097E8-A63C-4932-98E5-7B245E4765D4}.Release|Any CPU.ActiveCfg = Release|Any CPU
		{228097E8-A63C-4932-98E5-7B245E4765D4}.Release|Any CPU.Build.0 = Release|Any CPU
		{228097E8-A63C-4932-98E5-7B245E4765D4}.Release|Mixed Platforms.ActiveCfg = Release|Any CPU
		{228097E8-A63C-4932-98E5-7B245E4765D4}.Release|Mixed Platforms.Build.0 = Release|Any CPU
		{228097E8-A63C-4932-98E5-7B245E4765D4}.Release|x86.ActiveCfg = Release|Any CPU
		{33535861-72AD-448D-96C8-549FA64AED93}.Debug|Any CPU.ActiveCfg = Debug|Any CPU
		{33535861-72AD-448D-96C8-549FA64AED93}.Debug|Any CPU.Build.0 = Debug|Any CPU
		{33535861-72AD-448D-96C8-549FA64AED93}.Debug|Mixed Platforms.ActiveCfg = Debug|Any CPU
		{33535861-72AD-448D-96C8-549FA64AED93}.Debug|Mixed Platforms.Build.0 = Debug|Any CPU
		{33535861-72AD-448D-96C8-549FA64AED93}.Debug|x86.ActiveCfg = Debug|Any CPU
		{33535861-72AD-448D-96C8-549FA64AED93}.Release|Any CPU.ActiveCfg = Release|Any CPU
		{33535861-72AD-448D-96C8-549FA64AED93}.Release|Any CPU.Build.0 = Release|Any CPU
		{33535861-72AD-448D-96C8-549FA64AED93}.Release|Mixed Platforms.ActiveCfg = Release|Any CPU
		{33535861-72AD-448D-96C8-549FA64AED93}.Release|Mixed Platforms.Build.0 = Release|Any CPU
		{33535861-72AD-448D-96C8-549FA64AED93}.Release|x86.ActiveCfg = Release|Any CPU
		{41A970B6-96BC-40F1-B830-3C03F90BC353}.Debug|Any CPU.ActiveCfg = Debug|Any CPU
		{41A970B6-96BC-40F1-B830-3C03F90BC353}.Debug|Any CPU.Build.0 = Debug|Any CPU
		{41A970B6-96BC-40F1-B830-3C03F90BC353}.Debug|Mixed Platforms.ActiveCfg = Debug|Any CPU
		{41A970B6-96BC-40F1-B830-3C03F90BC353}.Debug|Mixed Platforms.Build.0 = Debug|Any CPU
		{41A970B6-96BC-40F1-B830-3C03F90BC353}.Debug|x86.ActiveCfg = Debug|Any CPU
		{41A970B6-96BC-40F1-B830-3C03F90BC353}.Release|Any CPU.ActiveCfg = Release|Any CPU
		{41A970B6-96BC-40F1-B830-3C03F90BC353}.Release|Any CPU.Build.0 = Release|Any CPU
		{41A970B6-96BC-40F1-B830-3C03F90BC353}.Release|Mixed Platforms.ActiveCfg = Release|Any CPU
		{41A970B6-96BC-40F1-B830-3C03F90BC353}.Release|Mixed Platforms.Build.0 = Release|Any CPU
		{41A970B6-96BC-40F1-B830-3C03F90BC353}.Release|x86.ActiveCfg = Release|Any CPU
		{ADF8E550-012C-467D-99D8-E44F3F352A9D}.Debug|Any CPU.ActiveCfg = Debug|Any CPU
		{ADF8E550-012C-467D-99D8-E44F3F352A9D}.Debug|Any CPU.Build.0 = Debug|Any CPU
		{ADF8E550-012C-467D-99D8-E44F3F352A9D}.Debug|Mixed Platforms.ActiveCfg = Debug|Any CPU
		{ADF8E550-012C-467D-99D8-E44F3F352A9D}.Debug|Mixed Platforms.Build.0 = Debug|Any CPU
		{ADF8E550-012C-467D-99D8-E44F3F352A9D}.Debug|x86.ActiveCfg = Debug|Any CPU
		{ADF8E550-012C-467D-99D8-E44F3F352A9D}.Release|Any CPU.ActiveCfg = Release|Any CPU
		{ADF8E550-012C-467D-99D8-E44F3F352A9D}.Release|Any CPU.Build.0 = Release|Any CPU
		{ADF8E550-012C-467D-99D8-E44F3F352A9D}.Release|Mixed Platforms.ActiveCfg = Release|Any CPU
		{ADF8E550-012C-467D-99D8-E44F3F352A9D}.Release|Mixed Platforms.Build.0 = Release|Any CPU
		{ADF8E550-012C-467D-99D8-E44F3F352A9D}.Release|x86.ActiveCfg = Release|Any CPU
		{1501BF1F-0406-411F-A47B-446B9989CD91}.Debug|Any CPU.ActiveCfg = Debug|Any CPU
		{1501BF1F-0406-411F-A47B-446B9989CD91}.Debug|Any CPU.Build.0 = Debug|Any CPU
		{1501BF1F-0406-411F-A47B-446B9989CD91}.Debug|Mixed Platforms.ActiveCfg = Debug|Any CPU
		{1501BF1F-0406-411F-A47B-446B9989CD91}.Debug|Mixed Platforms.Build.0 = Debug|Any CPU
		{1501BF1F-0406-411F-A47B-446B9989CD91}.Debug|x86.ActiveCfg = Debug|Any CPU
		{1501BF1F-0406-411F-A47B-446B9989CD91}.Release|Any CPU.ActiveCfg = Release|Any CPU
		{1501BF1F-0406-411F-A47B-446B9989CD91}.Release|Any CPU.Build.0 = Release|Any CPU
		{1501BF1F-0406-411F-A47B-446B9989CD91}.Release|Mixed Platforms.ActiveCfg = Release|Any CPU
		{1501BF1F-0406-411F-A47B-446B9989CD91}.Release|Mixed Platforms.Build.0 = Release|Any CPU
		{1501BF1F-0406-411F-A47B-446B9989CD91}.Release|x86.ActiveCfg = Release|Any CPU
		{41ADBEE4-19F6-40F8-A10A-6BEB7DB842CF}.Debug|Any CPU.ActiveCfg = Debug|Any CPU
		{41ADBEE4-19F6-40F8-A10A-6BEB7DB842CF}.Debug|Any CPU.Build.0 = Debug|Any CPU
		{41ADBEE4-19F6-40F8-A10A-6BEB7DB842CF}.Debug|Mixed Platforms.ActiveCfg = Debug|Any CPU
		{41ADBEE4-19F6-40F8-A10A-6BEB7DB842CF}.Debug|Mixed Platforms.Build.0 = Debug|Any CPU
		{41ADBEE4-19F6-40F8-A10A-6BEB7DB842CF}.Debug|x86.ActiveCfg = Debug|Any CPU
		{41ADBEE4-19F6-40F8-A10A-6BEB7DB842CF}.Debug|x86.Build.0 = Debug|Any CPU
		{41ADBEE4-19F6-40F8-A10A-6BEB7DB842CF}.Release|Any CPU.ActiveCfg = Release|Any CPU
		{41ADBEE4-19F6-40F8-A10A-6BEB7DB842CF}.Release|Any CPU.Build.0 = Release|Any CPU
		{41ADBEE4-19F6-40F8-A10A-6BEB7DB842CF}.Release|Mixed Platforms.ActiveCfg = Release|Any CPU
		{41ADBEE4-19F6-40F8-A10A-6BEB7DB842CF}.Release|Mixed Platforms.Build.0 = Release|Any CPU
		{41ADBEE4-19F6-40F8-A10A-6BEB7DB842CF}.Release|x86.ActiveCfg = Release|Any CPU
		{41ADBEE4-19F6-40F8-A10A-6BEB7DB842CF}.Release|x86.Build.0 = Release|Any CPU
		{627C1829-0234-4C87-9683-8495B95F610B}.Debug|Any CPU.ActiveCfg = Debug|Any CPU
		{627C1829-0234-4C87-9683-8495B95F610B}.Debug|Any CPU.Build.0 = Debug|Any CPU
		{627C1829-0234-4C87-9683-8495B95F610B}.Debug|Mixed Platforms.ActiveCfg = Debug|Any CPU
		{627C1829-0234-4C87-9683-8495B95F610B}.Debug|Mixed Platforms.Build.0 = Debug|Any CPU
		{627C1829-0234-4C87-9683-8495B95F610B}.Debug|x86.ActiveCfg = Debug|Any CPU
		{627C1829-0234-4C87-9683-8495B95F610B}.Release|Any CPU.ActiveCfg = Release|Any CPU
		{627C1829-0234-4C87-9683-8495B95F610B}.Release|Any CPU.Build.0 = Release|Any CPU
		{627C1829-0234-4C87-9683-8495B95F610B}.Release|Mixed Platforms.ActiveCfg = Release|Any CPU
		{627C1829-0234-4C87-9683-8495B95F610B}.Release|Mixed Platforms.Build.0 = Release|Any CPU
		{627C1829-0234-4C87-9683-8495B95F610B}.Release|x86.ActiveCfg = Release|Any CPU
		{66C0CCE3-ED7A-4DD9-9E8F-5C26A5C5DC75}.Debug|Any CPU.ActiveCfg = Debug|Any CPU
		{66C0CCE3-ED7A-4DD9-9E8F-5C26A5C5DC75}.Debug|Any CPU.Build.0 = Debug|Any CPU
		{66C0CCE3-ED7A-4DD9-9E8F-5C26A5C5DC75}.Debug|Mixed Platforms.ActiveCfg = Debug|Any CPU
		{66C0CCE3-ED7A-4DD9-9E8F-5C26A5C5DC75}.Debug|Mixed Platforms.Build.0 = Debug|Any CPU
		{66C0CCE3-ED7A-4DD9-9E8F-5C26A5C5DC75}.Debug|x86.ActiveCfg = Debug|Any CPU
		{66C0CCE3-ED7A-4DD9-9E8F-5C26A5C5DC75}.Release|Any CPU.ActiveCfg = Release|Any CPU
		{66C0CCE3-ED7A-4DD9-9E8F-5C26A5C5DC75}.Release|Any CPU.Build.0 = Release|Any CPU
		{66C0CCE3-ED7A-4DD9-9E8F-5C26A5C5DC75}.Release|Mixed Platforms.ActiveCfg = Release|Any CPU
		{66C0CCE3-ED7A-4DD9-9E8F-5C26A5C5DC75}.Release|Mixed Platforms.Build.0 = Release|Any CPU
		{66C0CCE3-ED7A-4DD9-9E8F-5C26A5C5DC75}.Release|x86.ActiveCfg = Release|Any CPU
		{72623D05-B8DB-404E-81B3-17EF258579E0}.Debug|Any CPU.ActiveCfg = Debug|Any CPU
		{72623D05-B8DB-404E-81B3-17EF258579E0}.Debug|Any CPU.Build.0 = Debug|Any CPU
		{72623D05-B8DB-404E-81B3-17EF258579E0}.Debug|Mixed Platforms.ActiveCfg = Debug|Any CPU
		{72623D05-B8DB-404E-81B3-17EF258579E0}.Debug|Mixed Platforms.Build.0 = Debug|Any CPU
		{72623D05-B8DB-404E-81B3-17EF258579E0}.Debug|x86.ActiveCfg = Debug|Any CPU
		{72623D05-B8DB-404E-81B3-17EF258579E0}.Release|Any CPU.ActiveCfg = Release|Any CPU
		{72623D05-B8DB-404E-81B3-17EF258579E0}.Release|Any CPU.Build.0 = Release|Any CPU
		{72623D05-B8DB-404E-81B3-17EF258579E0}.Release|Mixed Platforms.ActiveCfg = Release|Any CPU
		{72623D05-B8DB-404E-81B3-17EF258579E0}.Release|Mixed Platforms.Build.0 = Release|Any CPU
		{72623D05-B8DB-404E-81B3-17EF258579E0}.Release|x86.ActiveCfg = Release|Any CPU
		{4DC5F78F-8EC1-43CE-8A29-2A24FDDB15F7}.Debug|Any CPU.ActiveCfg = Debug|Any CPU
		{4DC5F78F-8EC1-43CE-8A29-2A24FDDB15F7}.Debug|Any CPU.Build.0 = Debug|Any CPU
		{4DC5F78F-8EC1-43CE-8A29-2A24FDDB15F7}.Debug|Mixed Platforms.ActiveCfg = Debug|Any CPU
		{4DC5F78F-8EC1-43CE-8A29-2A24FDDB15F7}.Debug|Mixed Platforms.Build.0 = Debug|Any CPU
		{4DC5F78F-8EC1-43CE-8A29-2A24FDDB15F7}.Debug|x86.ActiveCfg = Debug|Any CPU
		{4DC5F78F-8EC1-43CE-8A29-2A24FDDB15F7}.Release|Any CPU.ActiveCfg = Release|Any CPU
		{4DC5F78F-8EC1-43CE-8A29-2A24FDDB15F7}.Release|Any CPU.Build.0 = Release|Any CPU
		{4DC5F78F-8EC1-43CE-8A29-2A24FDDB15F7}.Release|Mixed Platforms.ActiveCfg = Release|Any CPU
		{4DC5F78F-8EC1-43CE-8A29-2A24FDDB15F7}.Release|Mixed Platforms.Build.0 = Release|Any CPU
		{4DC5F78F-8EC1-43CE-8A29-2A24FDDB15F7}.Release|x86.ActiveCfg = Release|Any CPU
		{882D7D0B-5057-450D-9F23-FEA7773CBAE8}.Debug|Any CPU.ActiveCfg = Debug|Any CPU
		{882D7D0B-5057-450D-9F23-FEA7773CBAE8}.Debug|Any CPU.Build.0 = Debug|Any CPU
		{882D7D0B-5057-450D-9F23-FEA7773CBAE8}.Debug|Mixed Platforms.ActiveCfg = Debug|Any CPU
		{882D7D0B-5057-450D-9F23-FEA7773CBAE8}.Debug|Mixed Platforms.Build.0 = Debug|Any CPU
		{882D7D0B-5057-450D-9F23-FEA7773CBAE8}.Debug|x86.ActiveCfg = Debug|Any CPU
		{882D7D0B-5057-450D-9F23-FEA7773CBAE8}.Release|Any CPU.ActiveCfg = Release|Any CPU
		{882D7D0B-5057-450D-9F23-FEA7773CBAE8}.Release|Any CPU.Build.0 = Release|Any CPU
		{882D7D0B-5057-450D-9F23-FEA7773CBAE8}.Release|Mixed Platforms.ActiveCfg = Release|Any CPU
		{882D7D0B-5057-450D-9F23-FEA7773CBAE8}.Release|Mixed Platforms.Build.0 = Release|Any CPU
		{882D7D0B-5057-450D-9F23-FEA7773CBAE8}.Release|x86.ActiveCfg = Release|Any CPU
		{D404AFA8-83C5-4B73-8A85-D3748804CAC4}.Debug|Any CPU.ActiveCfg = Debug|Any CPU
		{D404AFA8-83C5-4B73-8A85-D3748804CAC4}.Debug|Any CPU.Build.0 = Debug|Any CPU
		{D404AFA8-83C5-4B73-8A85-D3748804CAC4}.Debug|Mixed Platforms.ActiveCfg = Debug|Any CPU
		{D404AFA8-83C5-4B73-8A85-D3748804CAC4}.Debug|Mixed Platforms.Build.0 = Debug|Any CPU
		{D404AFA8-83C5-4B73-8A85-D3748804CAC4}.Debug|x86.ActiveCfg = Debug|Any CPU
		{D404AFA8-83C5-4B73-8A85-D3748804CAC4}.Release|Any CPU.ActiveCfg = Release|Any CPU
		{D404AFA8-83C5-4B73-8A85-D3748804CAC4}.Release|Any CPU.Build.0 = Release|Any CPU
		{D404AFA8-83C5-4B73-8A85-D3748804CAC4}.Release|Mixed Platforms.ActiveCfg = Release|Any CPU
		{D404AFA8-83C5-4B73-8A85-D3748804CAC4}.Release|Mixed Platforms.Build.0 = Release|Any CPU
		{D404AFA8-83C5-4B73-8A85-D3748804CAC4}.Release|x86.ActiveCfg = Release|Any CPU
		{2728C8A9-7304-46F3-8A93-F0A53D91BF21}.Debug|Any CPU.ActiveCfg = Debug|Any CPU
		{2728C8A9-7304-46F3-8A93-F0A53D91BF21}.Debug|Any CPU.Build.0 = Debug|Any CPU
		{2728C8A9-7304-46F3-8A93-F0A53D91BF21}.Debug|Mixed Platforms.ActiveCfg = Debug|Any CPU
		{2728C8A9-7304-46F3-8A93-F0A53D91BF21}.Debug|Mixed Platforms.Build.0 = Debug|Any CPU
		{2728C8A9-7304-46F3-8A93-F0A53D91BF21}.Debug|x86.ActiveCfg = Debug|Any CPU
		{2728C8A9-7304-46F3-8A93-F0A53D91BF21}.Release|Any CPU.ActiveCfg = Release|Any CPU
		{2728C8A9-7304-46F3-8A93-F0A53D91BF21}.Release|Any CPU.Build.0 = Release|Any CPU
		{2728C8A9-7304-46F3-8A93-F0A53D91BF21}.Release|Mixed Platforms.ActiveCfg = Release|Any CPU
		{2728C8A9-7304-46F3-8A93-F0A53D91BF21}.Release|Mixed Platforms.Build.0 = Release|Any CPU
		{2728C8A9-7304-46F3-8A93-F0A53D91BF21}.Release|x86.ActiveCfg = Release|Any CPU
		{9BB1AB21-B9A3-4066-A591-4E364217143C}.Debug|Any CPU.ActiveCfg = Debug|Any CPU
		{9BB1AB21-B9A3-4066-A591-4E364217143C}.Debug|Any CPU.Build.0 = Debug|Any CPU
		{9BB1AB21-B9A3-4066-A591-4E364217143C}.Debug|Mixed Platforms.ActiveCfg = Debug|Any CPU
		{9BB1AB21-B9A3-4066-A591-4E364217143C}.Debug|Mixed Platforms.Build.0 = Debug|Any CPU
		{9BB1AB21-B9A3-4066-A591-4E364217143C}.Debug|x86.ActiveCfg = Debug|Any CPU
		{9BB1AB21-B9A3-4066-A591-4E364217143C}.Release|Any CPU.ActiveCfg = Release|Any CPU
		{9BB1AB21-B9A3-4066-A591-4E364217143C}.Release|Any CPU.Build.0 = Release|Any CPU
		{9BB1AB21-B9A3-4066-A591-4E364217143C}.Release|Mixed Platforms.ActiveCfg = Release|Any CPU
		{9BB1AB21-B9A3-4066-A591-4E364217143C}.Release|Mixed Platforms.Build.0 = Release|Any CPU
		{9BB1AB21-B9A3-4066-A591-4E364217143C}.Release|x86.ActiveCfg = Release|Any CPU
		{19C51D9F-FAFA-44CA-B36A-423E77E0EE60}.Debug|Any CPU.ActiveCfg = Debug|Any CPU
		{19C51D9F-FAFA-44CA-B36A-423E77E0EE60}.Debug|Any CPU.Build.0 = Debug|Any CPU
		{19C51D9F-FAFA-44CA-B36A-423E77E0EE60}.Debug|Mixed Platforms.ActiveCfg = Debug|Any CPU
		{19C51D9F-FAFA-44CA-B36A-423E77E0EE60}.Debug|Mixed Platforms.Build.0 = Debug|Any CPU
		{19C51D9F-FAFA-44CA-B36A-423E77E0EE60}.Debug|x86.ActiveCfg = Debug|Any CPU
		{19C51D9F-FAFA-44CA-B36A-423E77E0EE60}.Debug|x86.Build.0 = Debug|Any CPU
		{19C51D9F-FAFA-44CA-B36A-423E77E0EE60}.Release|Any CPU.ActiveCfg = Release|Any CPU
		{19C51D9F-FAFA-44CA-B36A-423E77E0EE60}.Release|Any CPU.Build.0 = Release|Any CPU
		{19C51D9F-FAFA-44CA-B36A-423E77E0EE60}.Release|Mixed Platforms.ActiveCfg = Release|Any CPU
		{19C51D9F-FAFA-44CA-B36A-423E77E0EE60}.Release|x86.ActiveCfg = Release|Any CPU
		{19C51D9F-FAFA-44CA-B36A-423E77E0EE60}.Release|x86.Build.0 = Release|Any CPU
		{4F4FE888-7A90-405B-9805-7069F1B44E39}.Debug|Any CPU.ActiveCfg = Debug|Any CPU
		{4F4FE888-7A90-405B-9805-7069F1B44E39}.Debug|Any CPU.Build.0 = Debug|Any CPU
		{4F4FE888-7A90-405B-9805-7069F1B44E39}.Debug|Mixed Platforms.ActiveCfg = Debug|Any CPU
		{4F4FE888-7A90-405B-9805-7069F1B44E39}.Debug|Mixed Platforms.Build.0 = Debug|Any CPU
		{4F4FE888-7A90-405B-9805-7069F1B44E39}.Debug|x86.ActiveCfg = Debug|Any CPU
		{4F4FE888-7A90-405B-9805-7069F1B44E39}.Debug|x86.Build.0 = Debug|Any CPU
		{4F4FE888-7A90-405B-9805-7069F1B44E39}.Release|Any CPU.ActiveCfg = Release|Any CPU
		{4F4FE888-7A90-405B-9805-7069F1B44E39}.Release|Any CPU.Build.0 = Release|Any CPU
		{4F4FE888-7A90-405B-9805-7069F1B44E39}.Release|Mixed Platforms.ActiveCfg = Release|Any CPU
		{4F4FE888-7A90-405B-9805-7069F1B44E39}.Release|x86.ActiveCfg = Release|Any CPU
		{4F4FE888-7A90-405B-9805-7069F1B44E39}.Release|x86.Build.0 = Release|Any CPU
		{033DD80D-AD51-4AA2-87F1-DCFD3131A08E}.Debug|Any CPU.ActiveCfg = Debug|Any CPU
		{033DD80D-AD51-4AA2-87F1-DCFD3131A08E}.Debug|Any CPU.Build.0 = Debug|Any CPU
		{033DD80D-AD51-4AA2-87F1-DCFD3131A08E}.Debug|Mixed Platforms.ActiveCfg = Debug|Any CPU
		{033DD80D-AD51-4AA2-87F1-DCFD3131A08E}.Debug|Mixed Platforms.Build.0 = Debug|Any CPU
		{033DD80D-AD51-4AA2-87F1-DCFD3131A08E}.Debug|x86.ActiveCfg = Debug|Any CPU
		{033DD80D-AD51-4AA2-87F1-DCFD3131A08E}.Release|Any CPU.ActiveCfg = Release|Any CPU
		{033DD80D-AD51-4AA2-87F1-DCFD3131A08E}.Release|Any CPU.Build.0 = Release|Any CPU
		{033DD80D-AD51-4AA2-87F1-DCFD3131A08E}.Release|Mixed Platforms.ActiveCfg = Release|Any CPU
		{033DD80D-AD51-4AA2-87F1-DCFD3131A08E}.Release|Mixed Platforms.Build.0 = Release|Any CPU
		{033DD80D-AD51-4AA2-87F1-DCFD3131A08E}.Release|x86.ActiveCfg = Release|Any CPU
		{1136F6D7-1EAC-4C0F-BE68-6EC6A9168F51}.Debug|Any CPU.ActiveCfg = Debug|Any CPU
		{1136F6D7-1EAC-4C0F-BE68-6EC6A9168F51}.Debug|Any CPU.Build.0 = Debug|Any CPU
		{1136F6D7-1EAC-4C0F-BE68-6EC6A9168F51}.Debug|Mixed Platforms.ActiveCfg = Debug|Any CPU
		{1136F6D7-1EAC-4C0F-BE68-6EC6A9168F51}.Debug|Mixed Platforms.Build.0 = Debug|Any CPU
		{1136F6D7-1EAC-4C0F-BE68-6EC6A9168F51}.Debug|x86.ActiveCfg = Debug|Any CPU
		{1136F6D7-1EAC-4C0F-BE68-6EC6A9168F51}.Release|Any CPU.ActiveCfg = Release|Any CPU
		{1136F6D7-1EAC-4C0F-BE68-6EC6A9168F51}.Release|Any CPU.Build.0 = Release|Any CPU
		{1136F6D7-1EAC-4C0F-BE68-6EC6A9168F51}.Release|Mixed Platforms.ActiveCfg = Release|Any CPU
		{1136F6D7-1EAC-4C0F-BE68-6EC6A9168F51}.Release|Mixed Platforms.Build.0 = Release|Any CPU
		{1136F6D7-1EAC-4C0F-BE68-6EC6A9168F51}.Release|x86.ActiveCfg = Release|Any CPU
		{6A8FF0B3-3B49-4FEE-8DE6-374F8EFE2A7E}.Debug|Any CPU.ActiveCfg = Debug|Any CPU
		{6A8FF0B3-3B49-4FEE-8DE6-374F8EFE2A7E}.Debug|Any CPU.Build.0 = Debug|Any CPU
		{6A8FF0B3-3B49-4FEE-8DE6-374F8EFE2A7E}.Debug|Mixed Platforms.ActiveCfg = Debug|Any CPU
		{6A8FF0B3-3B49-4FEE-8DE6-374F8EFE2A7E}.Debug|Mixed Platforms.Build.0 = Debug|Any CPU
		{6A8FF0B3-3B49-4FEE-8DE6-374F8EFE2A7E}.Debug|x86.ActiveCfg = Debug|Any CPU
		{6A8FF0B3-3B49-4FEE-8DE6-374F8EFE2A7E}.Release|Any CPU.ActiveCfg = Release|Any CPU
		{6A8FF0B3-3B49-4FEE-8DE6-374F8EFE2A7E}.Release|Any CPU.Build.0 = Release|Any CPU
		{6A8FF0B3-3B49-4FEE-8DE6-374F8EFE2A7E}.Release|Mixed Platforms.ActiveCfg = Release|Any CPU
		{6A8FF0B3-3B49-4FEE-8DE6-374F8EFE2A7E}.Release|Mixed Platforms.Build.0 = Release|Any CPU
		{6A8FF0B3-3B49-4FEE-8DE6-374F8EFE2A7E}.Release|x86.ActiveCfg = Release|Any CPU
		{8910D648-8194-474A-8EBA-F911E3DFECB3}.Debug|Any CPU.ActiveCfg = Debug|Any CPU
		{8910D648-8194-474A-8EBA-F911E3DFECB3}.Debug|Any CPU.Build.0 = Debug|Any CPU
		{8910D648-8194-474A-8EBA-F911E3DFECB3}.Debug|Mixed Platforms.ActiveCfg = Debug|Any CPU
		{8910D648-8194-474A-8EBA-F911E3DFECB3}.Debug|Mixed Platforms.Build.0 = Debug|Any CPU
		{8910D648-8194-474A-8EBA-F911E3DFECB3}.Debug|x86.ActiveCfg = Debug|Any CPU
		{8910D648-8194-474A-8EBA-F911E3DFECB3}.Release|Any CPU.ActiveCfg = Release|Any CPU
		{8910D648-8194-474A-8EBA-F911E3DFECB3}.Release|Any CPU.Build.0 = Release|Any CPU
		{8910D648-8194-474A-8EBA-F911E3DFECB3}.Release|Mixed Platforms.ActiveCfg = Release|Any CPU
		{8910D648-8194-474A-8EBA-F911E3DFECB3}.Release|Mixed Platforms.Build.0 = Release|Any CPU
		{8910D648-8194-474A-8EBA-F911E3DFECB3}.Release|x86.ActiveCfg = Release|Any CPU
		{33290B49-5D4B-47F3-8C03-D203595C9F12}.Debug|Any CPU.ActiveCfg = Debug|Any CPU
		{33290B49-5D4B-47F3-8C03-D203595C9F12}.Debug|Any CPU.Build.0 = Debug|Any CPU
		{33290B49-5D4B-47F3-8C03-D203595C9F12}.Debug|Mixed Platforms.ActiveCfg = Debug|Any CPU
		{33290B49-5D4B-47F3-8C03-D203595C9F12}.Debug|Mixed Platforms.Build.0 = Debug|Any CPU
		{33290B49-5D4B-47F3-8C03-D203595C9F12}.Debug|x86.ActiveCfg = Debug|Any CPU
		{33290B49-5D4B-47F3-8C03-D203595C9F12}.Release|Any CPU.ActiveCfg = Release|Any CPU
		{33290B49-5D4B-47F3-8C03-D203595C9F12}.Release|Any CPU.Build.0 = Release|Any CPU
		{33290B49-5D4B-47F3-8C03-D203595C9F12}.Release|Mixed Platforms.ActiveCfg = Release|Any CPU
		{33290B49-5D4B-47F3-8C03-D203595C9F12}.Release|Mixed Platforms.Build.0 = Release|Any CPU
		{33290B49-5D4B-47F3-8C03-D203595C9F12}.Release|x86.ActiveCfg = Release|Any CPU
		{860EADF8-894F-43C5-93CD-E75C5A8CBBE4}.Debug|Any CPU.ActiveCfg = Debug|Any CPU
		{860EADF8-894F-43C5-93CD-E75C5A8CBBE4}.Debug|Any CPU.Build.0 = Debug|Any CPU
		{860EADF8-894F-43C5-93CD-E75C5A8CBBE4}.Debug|Mixed Platforms.ActiveCfg = Debug|Any CPU
		{860EADF8-894F-43C5-93CD-E75C5A8CBBE4}.Debug|Mixed Platforms.Build.0 = Debug|Any CPU
		{860EADF8-894F-43C5-93CD-E75C5A8CBBE4}.Debug|x86.ActiveCfg = Debug|Any CPU
		{860EADF8-894F-43C5-93CD-E75C5A8CBBE4}.Release|Any CPU.ActiveCfg = Release|Any CPU
		{860EADF8-894F-43C5-93CD-E75C5A8CBBE4}.Release|Any CPU.Build.0 = Release|Any CPU
		{860EADF8-894F-43C5-93CD-E75C5A8CBBE4}.Release|Mixed Platforms.ActiveCfg = Release|Any CPU
		{860EADF8-894F-43C5-93CD-E75C5A8CBBE4}.Release|Mixed Platforms.Build.0 = Release|Any CPU
		{860EADF8-894F-43C5-93CD-E75C5A8CBBE4}.Release|x86.ActiveCfg = Release|Any CPU
		{AFD62700-9250-48F1-85C0-F80249FED399}.Debug|Any CPU.ActiveCfg = Debug|Any CPU
		{AFD62700-9250-48F1-85C0-F80249FED399}.Debug|Any CPU.Build.0 = Debug|Any CPU
		{AFD62700-9250-48F1-85C0-F80249FED399}.Debug|Mixed Platforms.ActiveCfg = Debug|Any CPU
		{AFD62700-9250-48F1-85C0-F80249FED399}.Debug|Mixed Platforms.Build.0 = Debug|Any CPU
		{AFD62700-9250-48F1-85C0-F80249FED399}.Debug|x86.ActiveCfg = Debug|Any CPU
		{AFD62700-9250-48F1-85C0-F80249FED399}.Debug|x86.Build.0 = Debug|Any CPU
		{AFD62700-9250-48F1-85C0-F80249FED399}.Release|Any CPU.ActiveCfg = Release|Any CPU
		{AFD62700-9250-48F1-85C0-F80249FED399}.Release|Any CPU.Build.0 = Release|Any CPU
		{AFD62700-9250-48F1-85C0-F80249FED399}.Release|Mixed Platforms.ActiveCfg = Release|Any CPU
		{AFD62700-9250-48F1-85C0-F80249FED399}.Release|Mixed Platforms.Build.0 = Release|Any CPU
		{AFD62700-9250-48F1-85C0-F80249FED399}.Release|x86.ActiveCfg = Release|Any CPU
		{AFD62700-9250-48F1-85C0-F80249FED399}.Release|x86.Build.0 = Release|Any CPU
		{0F9B7C37-4FEA-4C6B-9CAA-ABCA77CCF60F}.Debug|Any CPU.ActiveCfg = Debug|Any CPU
		{0F9B7C37-4FEA-4C6B-9CAA-ABCA77CCF60F}.Debug|Any CPU.Build.0 = Debug|Any CPU
		{0F9B7C37-4FEA-4C6B-9CAA-ABCA77CCF60F}.Debug|Mixed Platforms.ActiveCfg = Debug|Any CPU
		{0F9B7C37-4FEA-4C6B-9CAA-ABCA77CCF60F}.Debug|Mixed Platforms.Build.0 = Debug|Any CPU
		{0F9B7C37-4FEA-4C6B-9CAA-ABCA77CCF60F}.Debug|x86.ActiveCfg = Debug|Any CPU
		{0F9B7C37-4FEA-4C6B-9CAA-ABCA77CCF60F}.Debug|x86.Build.0 = Debug|Any CPU
		{0F9B7C37-4FEA-4C6B-9CAA-ABCA77CCF60F}.Release|Any CPU.ActiveCfg = Release|Any CPU
		{0F9B7C37-4FEA-4C6B-9CAA-ABCA77CCF60F}.Release|Any CPU.Build.0 = Release|Any CPU
		{0F9B7C37-4FEA-4C6B-9CAA-ABCA77CCF60F}.Release|Mixed Platforms.ActiveCfg = Release|Any CPU
		{0F9B7C37-4FEA-4C6B-9CAA-ABCA77CCF60F}.Release|Mixed Platforms.Build.0 = Release|Any CPU
		{0F9B7C37-4FEA-4C6B-9CAA-ABCA77CCF60F}.Release|x86.ActiveCfg = Release|Any CPU
		{0F9B7C37-4FEA-4C6B-9CAA-ABCA77CCF60F}.Release|x86.Build.0 = Release|Any CPU
		{2B41E1CD-7D7B-4B56-9A54-3D46BD9C1330}.Debug|Any CPU.ActiveCfg = Debug|Any CPU
		{2B41E1CD-7D7B-4B56-9A54-3D46BD9C1330}.Debug|Any CPU.Build.0 = Debug|Any CPU
		{2B41E1CD-7D7B-4B56-9A54-3D46BD9C1330}.Debug|Mixed Platforms.ActiveCfg = Debug|Any CPU
		{2B41E1CD-7D7B-4B56-9A54-3D46BD9C1330}.Debug|Mixed Platforms.Build.0 = Debug|Any CPU
		{2B41E1CD-7D7B-4B56-9A54-3D46BD9C1330}.Debug|x86.ActiveCfg = Debug|Any CPU
		{2B41E1CD-7D7B-4B56-9A54-3D46BD9C1330}.Debug|x86.Build.0 = Debug|Any CPU
		{2B41E1CD-7D7B-4B56-9A54-3D46BD9C1330}.Release|Any CPU.ActiveCfg = Release|Any CPU
		{2B41E1CD-7D7B-4B56-9A54-3D46BD9C1330}.Release|Any CPU.Build.0 = Release|Any CPU
		{2B41E1CD-7D7B-4B56-9A54-3D46BD9C1330}.Release|Mixed Platforms.ActiveCfg = Release|Any CPU
		{2B41E1CD-7D7B-4B56-9A54-3D46BD9C1330}.Release|Mixed Platforms.Build.0 = Release|Any CPU
		{2B41E1CD-7D7B-4B56-9A54-3D46BD9C1330}.Release|x86.ActiveCfg = Release|Any CPU
		{2B41E1CD-7D7B-4B56-9A54-3D46BD9C1330}.Release|x86.Build.0 = Release|Any CPU
		{EB6C4B1F-FDA8-4BF9-96F2-62359E225D05}.Debug|Any CPU.ActiveCfg = Debug|Any CPU
		{EB6C4B1F-FDA8-4BF9-96F2-62359E225D05}.Debug|Any CPU.Build.0 = Debug|Any CPU
		{EB6C4B1F-FDA8-4BF9-96F2-62359E225D05}.Debug|Mixed Platforms.ActiveCfg = Debug|Any CPU
		{EB6C4B1F-FDA8-4BF9-96F2-62359E225D05}.Debug|Mixed Platforms.Build.0 = Debug|Any CPU
		{EB6C4B1F-FDA8-4BF9-96F2-62359E225D05}.Debug|x86.ActiveCfg = Debug|Any CPU
		{EB6C4B1F-FDA8-4BF9-96F2-62359E225D05}.Debug|x86.Build.0 = Debug|Any CPU
		{EB6C4B1F-FDA8-4BF9-96F2-62359E225D05}.Release|Any CPU.ActiveCfg = Release|Any CPU
		{EB6C4B1F-FDA8-4BF9-96F2-62359E225D05}.Release|Any CPU.Build.0 = Release|Any CPU
		{EB6C4B1F-FDA8-4BF9-96F2-62359E225D05}.Release|Mixed Platforms.ActiveCfg = Release|Any CPU
		{EB6C4B1F-FDA8-4BF9-96F2-62359E225D05}.Release|Mixed Platforms.Build.0 = Release|Any CPU
		{EB6C4B1F-FDA8-4BF9-96F2-62359E225D05}.Release|x86.ActiveCfg = Release|Any CPU
		{EB6C4B1F-FDA8-4BF9-96F2-62359E225D05}.Release|x86.Build.0 = Release|Any CPU
		{1CA317B0-D30D-494B-83A4-20FBBBE71E22}.Debug|Any CPU.ActiveCfg = Debug|Any CPU
		{1CA317B0-D30D-494B-83A4-20FBBBE71E22}.Debug|Any CPU.Build.0 = Debug|Any CPU
		{1CA317B0-D30D-494B-83A4-20FBBBE71E22}.Debug|Mixed Platforms.ActiveCfg = Debug|Any CPU
		{1CA317B0-D30D-494B-83A4-20FBBBE71E22}.Debug|Mixed Platforms.Build.0 = Debug|Any CPU
		{1CA317B0-D30D-494B-83A4-20FBBBE71E22}.Debug|x86.ActiveCfg = Debug|Any CPU
		{1CA317B0-D30D-494B-83A4-20FBBBE71E22}.Debug|x86.Build.0 = Debug|Any CPU
		{1CA317B0-D30D-494B-83A4-20FBBBE71E22}.Release|Any CPU.ActiveCfg = Release|Any CPU
		{1CA317B0-D30D-494B-83A4-20FBBBE71E22}.Release|Any CPU.Build.0 = Release|Any CPU
		{1CA317B0-D30D-494B-83A4-20FBBBE71E22}.Release|Mixed Platforms.ActiveCfg = Release|Any CPU
		{1CA317B0-D30D-494B-83A4-20FBBBE71E22}.Release|Mixed Platforms.Build.0 = Release|Any CPU
		{1CA317B0-D30D-494B-83A4-20FBBBE71E22}.Release|x86.ActiveCfg = Release|Any CPU
		{1CA317B0-D30D-494B-83A4-20FBBBE71E22}.Release|x86.Build.0 = Release|Any CPU
		{6AF83139-1E69-4EEB-8A4C-C8D4730DB454}.Debug|Any CPU.ActiveCfg = Debug|Any CPU
		{6AF83139-1E69-4EEB-8A4C-C8D4730DB454}.Debug|Any CPU.Build.0 = Debug|Any CPU
		{6AF83139-1E69-4EEB-8A4C-C8D4730DB454}.Debug|Mixed Platforms.ActiveCfg = Debug|Any CPU
		{6AF83139-1E69-4EEB-8A4C-C8D4730DB454}.Debug|Mixed Platforms.Build.0 = Debug|Any CPU
		{6AF83139-1E69-4EEB-8A4C-C8D4730DB454}.Debug|x86.ActiveCfg = Debug|Any CPU
		{6AF83139-1E69-4EEB-8A4C-C8D4730DB454}.Debug|x86.Build.0 = Debug|Any CPU
		{6AF83139-1E69-4EEB-8A4C-C8D4730DB454}.Release|Any CPU.ActiveCfg = Release|Any CPU
		{6AF83139-1E69-4EEB-8A4C-C8D4730DB454}.Release|Any CPU.Build.0 = Release|Any CPU
		{6AF83139-1E69-4EEB-8A4C-C8D4730DB454}.Release|Mixed Platforms.ActiveCfg = Release|Any CPU
		{6AF83139-1E69-4EEB-8A4C-C8D4730DB454}.Release|Mixed Platforms.Build.0 = Release|Any CPU
		{6AF83139-1E69-4EEB-8A4C-C8D4730DB454}.Release|x86.ActiveCfg = Release|Any CPU
		{6AF83139-1E69-4EEB-8A4C-C8D4730DB454}.Release|x86.Build.0 = Release|Any CPU
		{0F434091-C0B8-4389-A0E6-C05ABBD681EB}.Debug|Any CPU.ActiveCfg = Debug|Any CPU
		{0F434091-C0B8-4389-A0E6-C05ABBD681EB}.Debug|Any CPU.Build.0 = Debug|Any CPU
		{0F434091-C0B8-4389-A0E6-C05ABBD681EB}.Debug|Mixed Platforms.ActiveCfg = Debug|Any CPU
		{0F434091-C0B8-4389-A0E6-C05ABBD681EB}.Debug|Mixed Platforms.Build.0 = Debug|Any CPU
		{0F434091-C0B8-4389-A0E6-C05ABBD681EB}.Debug|x86.ActiveCfg = Debug|Any CPU
		{0F434091-C0B8-4389-A0E6-C05ABBD681EB}.Debug|x86.Build.0 = Debug|Any CPU
		{0F434091-C0B8-4389-A0E6-C05ABBD681EB}.Release|Any CPU.ActiveCfg = Release|Any CPU
		{0F434091-C0B8-4389-A0E6-C05ABBD681EB}.Release|Any CPU.Build.0 = Release|Any CPU
		{0F434091-C0B8-4389-A0E6-C05ABBD681EB}.Release|Mixed Platforms.ActiveCfg = Release|Any CPU
		{0F434091-C0B8-4389-A0E6-C05ABBD681EB}.Release|Mixed Platforms.Build.0 = Release|Any CPU
		{0F434091-C0B8-4389-A0E6-C05ABBD681EB}.Release|x86.ActiveCfg = Release|Any CPU
		{0F434091-C0B8-4389-A0E6-C05ABBD681EB}.Release|x86.Build.0 = Release|Any CPU
	EndGlobalSection
	GlobalSection(SolutionProperties) = preSolution
		HideSolutionNode = FALSE
	EndGlobalSection
	GlobalSection(NestedProjects) = preSolution
		{440EDE1A-73C2-4A82-B2CE-9DDCA8D99C36} = {A6477ED5-57B4-44DF-83EF-74F68E6AB12A}
		{ED342C71-5D03-42E2-A7C2-EFE6AB375627} = {A6477ED5-57B4-44DF-83EF-74F68E6AB12A}
		{F9A6952E-C1BC-4185-8407-D1F59D62255D} = {A6477ED5-57B4-44DF-83EF-74F68E6AB12A}
		{B00B3DE6-78E3-4E7B-937B-6922DED2AB53} = {8E13ED9D-5BB2-4839-80E4-FF32180DFBB3}
		{8A70916C-7D79-4539-A4E4-178FBB66C703} = {B00B3DE6-78E3-4E7B-937B-6922DED2AB53}
		{A099FD9B-602B-4EB9-ADCD-F91FA8B5F72C} = {B00B3DE6-78E3-4E7B-937B-6922DED2AB53}
		{5550A5C1-5DF0-4DBF-A535-CE373283D6AD} = {8E13ED9D-5BB2-4839-80E4-FF32180DFBB3}
		{C33059D8-0DA0-4B21-81A4-62994D1DF0AB} = {5550A5C1-5DF0-4DBF-A535-CE373283D6AD}
		{228097E8-A63C-4932-98E5-7B245E4765D4} = {5550A5C1-5DF0-4DBF-A535-CE373283D6AD}
		{EDD86422-E5E5-4C31-9A1C-9F8C1E04F667} = {8E13ED9D-5BB2-4839-80E4-FF32180DFBB3}
		{33535861-72AD-448D-96C8-549FA64AED93} = {EDD86422-E5E5-4C31-9A1C-9F8C1E04F667}
		{41A970B6-96BC-40F1-B830-3C03F90BC353} = {EDD86422-E5E5-4C31-9A1C-9F8C1E04F667}
		{4C2A5093-BD15-4687-868A-BF1E738B308A} = {8E13ED9D-5BB2-4839-80E4-FF32180DFBB3}
		{ADF8E550-012C-467D-99D8-E44F3F352A9D} = {4C2A5093-BD15-4687-868A-BF1E738B308A}
		{1501BF1F-0406-411F-A47B-446B9989CD91} = {4C2A5093-BD15-4687-868A-BF1E738B308A}
		{41ADBEE4-19F6-40F8-A10A-6BEB7DB842CF} = {4C2A5093-BD15-4687-868A-BF1E738B308A}
		{627C1829-0234-4C87-9683-8495B95F610B} = {57E1B516-B788-4D0F-8B69-D6F9193022CC}
		{66C0CCE3-ED7A-4DD9-9E8F-5C26A5C5DC75} = {57E1B516-B788-4D0F-8B69-D6F9193022CC}
		{72623D05-B8DB-404E-81B3-17EF258579E0} = {57E1B516-B788-4D0F-8B69-D6F9193022CC}
		{4DC5F78F-8EC1-43CE-8A29-2A24FDDB15F7} = {57E1B516-B788-4D0F-8B69-D6F9193022CC}
		{882D7D0B-5057-450D-9F23-FEA7773CBAE8} = {57E1B516-B788-4D0F-8B69-D6F9193022CC}
		{D404AFA8-83C5-4B73-8A85-D3748804CAC4} = {57E1B516-B788-4D0F-8B69-D6F9193022CC}
		{4F1E6DF7-BD30-4470-B968-B998ED777B8F} = {E42CF99B-03F2-45B8-8484-85A27F03F6B1}
		{2728C8A9-7304-46F3-8A93-F0A53D91BF21} = {4F1E6DF7-BD30-4470-B968-B998ED777B8F}
		{9BB1AB21-B9A3-4066-A591-4E364217143C} = {4F1E6DF7-BD30-4470-B968-B998ED777B8F}
		{19C51D9F-FAFA-44CA-B36A-423E77E0EE60} = {4F1E6DF7-BD30-4470-B968-B998ED777B8F}
		{4F4FE888-7A90-405B-9805-7069F1B44E39} = {4F1E6DF7-BD30-4470-B968-B998ED777B8F}
		{033DD80D-AD51-4AA2-87F1-DCFD3131A08E} = {4F1E6DF7-BD30-4470-B968-B998ED777B8F}
		{1136F6D7-1EAC-4C0F-BE68-6EC6A9168F51} = {4F1E6DF7-BD30-4470-B968-B998ED777B8F}
		{6A8FF0B3-3B49-4FEE-8DE6-374F8EFE2A7E} = {4F1E6DF7-BD30-4470-B968-B998ED777B8F}
		{8910D648-8194-474A-8EBA-F911E3DFECB3} = {4F1E6DF7-BD30-4470-B968-B998ED777B8F}
		{A23B439B-8BA2-430A-ADAA-53ED6FA0B247} = {E42CF99B-03F2-45B8-8484-85A27F03F6B1}
		{33290B49-5D4B-47F3-8C03-D203595C9F12} = {A23B439B-8BA2-430A-ADAA-53ED6FA0B247}
		{860EADF8-894F-43C5-93CD-E75C5A8CBBE4} = {A23B439B-8BA2-430A-ADAA-53ED6FA0B247}
		{AFD62700-9250-48F1-85C0-F80249FED399} = {A23B439B-8BA2-430A-ADAA-53ED6FA0B247}
		{0F9B7C37-4FEA-4C6B-9CAA-ABCA77CCF60F} = {4F1E6DF7-BD30-4470-B968-B998ED777B8F}
		{2B41E1CD-7D7B-4B56-9A54-3D46BD9C1330} = {5550A5C1-5DF0-4DBF-A535-CE373283D6AD}
		{EB6C4B1F-FDA8-4BF9-96F2-62359E225D05} = {EDD86422-E5E5-4C31-9A1C-9F8C1E04F667}
		{1CA317B0-D30D-494B-83A4-20FBBBE71E22} = {B00B3DE6-78E3-4E7B-937B-6922DED2AB53}
		{6AF83139-1E69-4EEB-8A4C-C8D4730DB454} = {A6477ED5-57B4-44DF-83EF-74F68E6AB12A}
		{0F434091-C0B8-4389-A0E6-C05ABBD681EB} = {B00B3DE6-78E3-4E7B-937B-6922DED2AB53}
	EndGlobalSection
EndGlobal
