
Microsoft Visual Studio Solution File, Format Version 12.00
# Visual Studio 14
VisualStudioVersion = 14.0.25420.1
MinimumVisualStudioVersion = 10.0.40219.1
Project("{FAE04EC0-301F-11D3-BF4B-00C04F79EFBC}") = "SimpleParameters.WisejWeb", "SimpleParameters.WisejWeb\SimpleParameters.WisejWeb.csproj", "{8E0569F8-4D63-404A-BAC8-F161C5AD40C3}"
EndProject
Project("{2150E333-8FDC-42A3-9474-1A3956D46DE8}") = "Framework projects", "Framework projects", "{523BA48E-1F68-4439-96B3-142AC15B2F31}"
EndProject
Project("{2150E333-8FDC-42A3-9474-1A3956D46DE8}") = "Sample BoundTreeView", "Sample BoundTreeView", "{486E31B1-5508-40AA-8785-FBF06824CC24}"
EndProject
Project("{2150E333-8FDC-42A3-9474-1A3956D46DE8}") = "Sample MasterDetailWithModel", "Sample MasterDetailWithModel", "{2D29EE0E-AB18-4E3A-869C-0463AAA86041}"
EndProject
Project("{FAE04EC0-301F-11D3-BF4B-00C04F79EFBC}") = "CaliburnMicro.WisejWeb.Net45", "..\..\Source\CaliburnMicro\CaliburnMicro.WisejWeb.Net45\CaliburnMicro.WisejWeb.Net45.csproj", "{1CA317B0-D30D-494B-83A4-20FBBBE71E22}"
EndProject
Project("{FAE04EC0-301F-11D3-BF4B-00C04F79EFBC}") = "MvvmFx.DataBinding.WisejWeb.Net45", "..\..\Source\Binding\MvvmFx.DataBinding.WisejWeb.Net45\MvvmFx.DataBinding.WisejWeb.Net45.csproj", "{41ADBEE4-19F6-40F8-A10A-6BEB7DB842CF}"
EndProject
Project("{FAE04EC0-301F-11D3-BF4B-00C04F79EFBC}") = "MvvmFx.Logging.Net45", "..\..\Source\Logging\MvvmFx.Logging.Net45\MvvmFx.Logging.Net45.csproj", "{72623D05-B8DB-404E-81B3-17EF258579E0}"
EndProject
Project("{FAE04EC0-301F-11D3-BF4B-00C04F79EFBC}") = "MvvmFx.WisejWeb.Net45", "..\..\Source\BoundControls\MvvmFx.WisejWeb.Net45\MvvmFx.WisejWeb.Net45.csproj", "{F9A6952E-C1BC-4185-8407-D1F59D62255D}"
EndProject
Project("{FAE04EC0-301F-11D3-BF4B-00C04F79EFBC}") = "AcyncUpdate.WisejWeb", "AcyncUpdate.WisejWeb\AcyncUpdate.WisejWeb.csproj", "{C1271ED6-7E6C-4025-A58F-29C062CD3BE2}"
EndProject
Project("{FAE04EC0-301F-11D3-BF4B-00C04F79EFBC}") = "StudentsBusiness", "MasterDetailWithModel\StudentsBusiness\StudentsBusiness.csproj", "{DD824012-17CD-4507-940E-8B45A05E6639}"
EndProject
Project("{FAE04EC0-301F-11D3-BF4B-00C04F79EFBC}") = "MasterDetailWithModel.WisejWeb", "MasterDetailWithModel\MasterDetailWithModel.WisejWeb\MasterDetailWithModel.WisejWeb.csproj", "{63810151-F10C-4345-A140-7D8855E8CA85}"
EndProject
Project("{FAE04EC0-301F-11D3-BF4B-00C04F79EFBC}") = "FamilyBusiness", "BoundTreeView\FamilyBusiness\FamilyBusiness.csproj", "{04F4836F-E406-4F0B-8A92-FF65F352DD01}"
EndProject
Project("{FAE04EC0-301F-11D3-BF4B-00C04F79EFBC}") = "BoundTreeView.WisejWeb", "BoundTreeView\BoundTreeView.WisejWeb\BoundTreeView.WisejWeb.csproj", "{C94912A7-F843-4044-930D-C090FEA74C32}"
EndProject
Global
	GlobalSection(SolutionConfigurationPlatforms) = preSolution
		Debug|Any CPU = Debug|Any CPU
		Debug|x86 = Debug|x86
		Release|Any CPU = Release|Any CPU
		Release|x86 = Release|x86
	EndGlobalSection
	GlobalSection(ProjectConfigurationPlatforms) = postSolution
		{8E0569F8-4D63-404A-BAC8-F161C5AD40C3}.Debug|Any CPU.ActiveCfg = Debug|Any CPU
		{8E0569F8-4D63-404A-BAC8-F161C5AD40C3}.Debug|Any CPU.Build.0 = Debug|Any CPU
		{8E0569F8-4D63-404A-BAC8-F161C5AD40C3}.Debug|x86.ActiveCfg = Debug|Any CPU
		{8E0569F8-4D63-404A-BAC8-F161C5AD40C3}.Debug|x86.Build.0 = Debug|Any CPU
		{8E0569F8-4D63-404A-BAC8-F161C5AD40C3}.Release|Any CPU.ActiveCfg = Release|Any CPU
		{8E0569F8-4D63-404A-BAC8-F161C5AD40C3}.Release|Any CPU.Build.0 = Release|Any CPU
		{8E0569F8-4D63-404A-BAC8-F161C5AD40C3}.Release|x86.ActiveCfg = Release|Any CPU
		{8E0569F8-4D63-404A-BAC8-F161C5AD40C3}.Release|x86.Build.0 = Release|Any CPU
		{1CA317B0-D30D-494B-83A4-20FBBBE71E22}.Debug|Any CPU.ActiveCfg = Debug|Any CPU
		{1CA317B0-D30D-494B-83A4-20FBBBE71E22}.Debug|Any CPU.Build.0 = Debug|Any CPU
		{1CA317B0-D30D-494B-83A4-20FBBBE71E22}.Debug|x86.ActiveCfg = Debug|Any CPU
		{1CA317B0-D30D-494B-83A4-20FBBBE71E22}.Debug|x86.Build.0 = Debug|Any CPU
		{1CA317B0-D30D-494B-83A4-20FBBBE71E22}.Release|Any CPU.ActiveCfg = Release|Any CPU
		{1CA317B0-D30D-494B-83A4-20FBBBE71E22}.Release|Any CPU.Build.0 = Release|Any CPU
		{1CA317B0-D30D-494B-83A4-20FBBBE71E22}.Release|x86.ActiveCfg = Release|Any CPU
		{1CA317B0-D30D-494B-83A4-20FBBBE71E22}.Release|x86.Build.0 = Release|Any CPU
		{41ADBEE4-19F6-40F8-A10A-6BEB7DB842CF}.Debug|Any CPU.ActiveCfg = Debug|Any CPU
		{41ADBEE4-19F6-40F8-A10A-6BEB7DB842CF}.Debug|Any CPU.Build.0 = Debug|Any CPU
		{41ADBEE4-19F6-40F8-A10A-6BEB7DB842CF}.Debug|x86.ActiveCfg = Debug|Any CPU
		{41ADBEE4-19F6-40F8-A10A-6BEB7DB842CF}.Debug|x86.Build.0 = Debug|Any CPU
		{41ADBEE4-19F6-40F8-A10A-6BEB7DB842CF}.Release|Any CPU.ActiveCfg = Release|Any CPU
		{41ADBEE4-19F6-40F8-A10A-6BEB7DB842CF}.Release|Any CPU.Build.0 = Release|Any CPU
		{41ADBEE4-19F6-40F8-A10A-6BEB7DB842CF}.Release|x86.ActiveCfg = Release|Any CPU
		{41ADBEE4-19F6-40F8-A10A-6BEB7DB842CF}.Release|x86.Build.0 = Release|Any CPU
		{72623D05-B8DB-404E-81B3-17EF258579E0}.Debug|Any CPU.ActiveCfg = Debug|Any CPU
		{72623D05-B8DB-404E-81B3-17EF258579E0}.Debug|Any CPU.Build.0 = Debug|Any CPU
		{72623D05-B8DB-404E-81B3-17EF258579E0}.Debug|x86.ActiveCfg = Debug|Any CPU
		{72623D05-B8DB-404E-81B3-17EF258579E0}.Debug|x86.Build.0 = Debug|Any CPU
		{72623D05-B8DB-404E-81B3-17EF258579E0}.Release|Any CPU.ActiveCfg = Release|Any CPU
		{72623D05-B8DB-404E-81B3-17EF258579E0}.Release|Any CPU.Build.0 = Release|Any CPU
		{72623D05-B8DB-404E-81B3-17EF258579E0}.Release|x86.ActiveCfg = Release|Any CPU
		{72623D05-B8DB-404E-81B3-17EF258579E0}.Release|x86.Build.0 = Release|Any CPU
		{F9A6952E-C1BC-4185-8407-D1F59D62255D}.Debug|Any CPU.ActiveCfg = Debug|Any CPU
		{F9A6952E-C1BC-4185-8407-D1F59D62255D}.Debug|Any CPU.Build.0 = Debug|Any CPU
		{F9A6952E-C1BC-4185-8407-D1F59D62255D}.Debug|x86.ActiveCfg = Debug|Any CPU
		{F9A6952E-C1BC-4185-8407-D1F59D62255D}.Debug|x86.Build.0 = Debug|Any CPU
		{F9A6952E-C1BC-4185-8407-D1F59D62255D}.Release|Any CPU.ActiveCfg = Release|Any CPU
		{F9A6952E-C1BC-4185-8407-D1F59D62255D}.Release|Any CPU.Build.0 = Release|Any CPU
		{F9A6952E-C1BC-4185-8407-D1F59D62255D}.Release|x86.ActiveCfg = Release|Any CPU
		{F9A6952E-C1BC-4185-8407-D1F59D62255D}.Release|x86.Build.0 = Release|Any CPU
		{C1271ED6-7E6C-4025-A58F-29C062CD3BE2}.Debug|Any CPU.ActiveCfg = Debug|Any CPU
		{C1271ED6-7E6C-4025-A58F-29C062CD3BE2}.Debug|Any CPU.Build.0 = Debug|Any CPU
		{C1271ED6-7E6C-4025-A58F-29C062CD3BE2}.Debug|x86.ActiveCfg = Debug|Any CPU
		{C1271ED6-7E6C-4025-A58F-29C062CD3BE2}.Debug|x86.Build.0 = Debug|Any CPU
		{C1271ED6-7E6C-4025-A58F-29C062CD3BE2}.Release|Any CPU.ActiveCfg = Release|Any CPU
		{C1271ED6-7E6C-4025-A58F-29C062CD3BE2}.Release|Any CPU.Build.0 = Release|Any CPU
		{C1271ED6-7E6C-4025-A58F-29C062CD3BE2}.Release|x86.ActiveCfg = Release|Any CPU
		{C1271ED6-7E6C-4025-A58F-29C062CD3BE2}.Release|x86.Build.0 = Release|Any CPU
		{DD824012-17CD-4507-940E-8B45A05E6639}.Debug|Any CPU.ActiveCfg = Debug|Any CPU
		{DD824012-17CD-4507-940E-8B45A05E6639}.Debug|Any CPU.Build.0 = Debug|Any CPU
		{DD824012-17CD-4507-940E-8B45A05E6639}.Debug|x86.ActiveCfg = Debug|Any CPU
		{DD824012-17CD-4507-940E-8B45A05E6639}.Debug|x86.Build.0 = Debug|Any CPU
		{DD824012-17CD-4507-940E-8B45A05E6639}.Release|Any CPU.ActiveCfg = Release|Any CPU
		{DD824012-17CD-4507-940E-8B45A05E6639}.Release|Any CPU.Build.0 = Release|Any CPU
		{DD824012-17CD-4507-940E-8B45A05E6639}.Release|x86.ActiveCfg = Release|Any CPU
		{DD824012-17CD-4507-940E-8B45A05E6639}.Release|x86.Build.0 = Release|Any CPU
		{63810151-F10C-4345-A140-7D8855E8CA85}.Debug|Any CPU.ActiveCfg = Debug|Any CPU
		{63810151-F10C-4345-A140-7D8855E8CA85}.Debug|Any CPU.Build.0 = Debug|Any CPU
		{63810151-F10C-4345-A140-7D8855E8CA85}.Debug|x86.ActiveCfg = Debug|Any CPU
		{63810151-F10C-4345-A140-7D8855E8CA85}.Debug|x86.Build.0 = Debug|Any CPU
		{63810151-F10C-4345-A140-7D8855E8CA85}.Release|Any CPU.ActiveCfg = Release|Any CPU
		{63810151-F10C-4345-A140-7D8855E8CA85}.Release|Any CPU.Build.0 = Release|Any CPU
		{63810151-F10C-4345-A140-7D8855E8CA85}.Release|x86.ActiveCfg = Release|Any CPU
		{63810151-F10C-4345-A140-7D8855E8CA85}.Release|x86.Build.0 = Release|Any CPU
		{04F4836F-E406-4F0B-8A92-FF65F352DD01}.Debug|Any CPU.ActiveCfg = Debug|Any CPU
		{04F4836F-E406-4F0B-8A92-FF65F352DD01}.Debug|Any CPU.Build.0 = Debug|Any CPU
		{04F4836F-E406-4F0B-8A92-FF65F352DD01}.Debug|x86.ActiveCfg = Debug|Any CPU
		{04F4836F-E406-4F0B-8A92-FF65F352DD01}.Debug|x86.Build.0 = Debug|Any CPU
		{04F4836F-E406-4F0B-8A92-FF65F352DD01}.Release|Any CPU.ActiveCfg = Release|Any CPU
		{04F4836F-E406-4F0B-8A92-FF65F352DD01}.Release|Any CPU.Build.0 = Release|Any CPU
		{04F4836F-E406-4F0B-8A92-FF65F352DD01}.Release|x86.ActiveCfg = Release|Any CPU
		{04F4836F-E406-4F0B-8A92-FF65F352DD01}.Release|x86.Build.0 = Release|Any CPU
		{C94912A7-F843-4044-930D-C090FEA74C32}.Debug|Any CPU.ActiveCfg = Debug|Any CPU
		{C94912A7-F843-4044-930D-C090FEA74C32}.Debug|Any CPU.Build.0 = Debug|Any CPU
		{C94912A7-F843-4044-930D-C090FEA74C32}.Debug|x86.ActiveCfg = Debug|Any CPU
		{C94912A7-F843-4044-930D-C090FEA74C32}.Debug|x86.Build.0 = Debug|Any CPU
		{C94912A7-F843-4044-930D-C090FEA74C32}.Release|Any CPU.ActiveCfg = Release|Any CPU
		{C94912A7-F843-4044-930D-C090FEA74C32}.Release|Any CPU.Build.0 = Release|Any CPU
		{C94912A7-F843-4044-930D-C090FEA74C32}.Release|x86.ActiveCfg = Release|Any CPU
		{C94912A7-F843-4044-930D-C090FEA74C32}.Release|x86.Build.0 = Release|Any CPU
	EndGlobalSection
	GlobalSection(SolutionProperties) = preSolution
		HideSolutionNode = FALSE
	EndGlobalSection
	GlobalSection(NestedProjects) = preSolution
		{1CA317B0-D30D-494B-83A4-20FBBBE71E22} = {523BA48E-1F68-4439-96B3-142AC15B2F31}
		{41ADBEE4-19F6-40F8-A10A-6BEB7DB842CF} = {523BA48E-1F68-4439-96B3-142AC15B2F31}
		{72623D05-B8DB-404E-81B3-17EF258579E0} = {523BA48E-1F68-4439-96B3-142AC15B2F31}
		{F9A6952E-C1BC-4185-8407-D1F59D62255D} = {523BA48E-1F68-4439-96B3-142AC15B2F31}
		{DD824012-17CD-4507-940E-8B45A05E6639} = {2D29EE0E-AB18-4E3A-869C-0463AAA86041}
		{63810151-F10C-4345-A140-7D8855E8CA85} = {2D29EE0E-AB18-4E3A-869C-0463AAA86041}
		{04F4836F-E406-4F0B-8A92-FF65F352DD01} = {486E31B1-5508-40AA-8785-FBF06824CC24}
		{C94912A7-F843-4044-930D-C090FEA74C32} = {486E31B1-5508-40AA-8785-FBF06824CC24}
	EndGlobalSection
EndGlobal
